// !$*UTF8*$!
{
	archiveVersion = 1;
	classes = {
	};
	objectVersion = 46;
	objects = {
		19802FCD9E9BA1E49BB2AFBD = {
			isa = PBXBuildFile;
			fileRef = 73E5F59DD72B8F560B9A675E;
		};
		62C8EA1C3A19A4EB42096330 = {
			isa = PBXBuildFile;
			fileRef = 4902D146C5FDAAE52DCDC930;
		};
		DE3FB23FB174E0EF93AAF973 = {
			isa = PBXBuildFile;
			fileRef = 13EADDA20217F50E7281686F;
		};
		943F52C5B91EE517CED48A68 = {
			isa = PBXBuildFile;
			fileRef = 002C94405EB955C3CFE62AD3;
		};
		A28C7938D6D45D05782C8677 = {
			isa = PBXBuildFile;
			fileRef = 6ED8CA6B7168A202FE131876;
		};
		295372B9FB0DC1BA5F954DC8 = {
			isa = PBXBuildFile;
			fileRef = 87C48AF97A32AB7E7B5B9057;
		};
		F2C8B12E9BEB0C12A3382E07 = {
			isa = PBXBuildFile;
			fileRef = DC5FFEDA92E130D837D4FE8E;
		};
		51DD73DD3A74201DBB697C05 = {
			isa = PBXBuildFile;
			fileRef = 3A4435F56C6507CF6F8F882D;
		};
		D8A20B17CFF12F56C67E4AAF = {
			isa = PBXBuildFile;
			fileRef = F1D03D925383106121AA2117;
		};
		0BFA856AE34524952D40C8DE = {
			isa = PBXBuildFile;
			fileRef = 991B5DF2AB291C95CF36E50B;
		};
		666F2895B8DE8D2C74C76FF4 = {
			isa = PBXBuildFile;
			fileRef = F843F15D7E56347C2D453880;
		};
		05CD3FC2BFA09AA17FD90D1D = {
			isa = PBXBuildFile;
			fileRef = C2AE233DCE396869E2C4310C;
		};
		3CD357DA5E6FDEC83A308045 = {
			isa = PBXBuildFile;
			fileRef = FDFBA0A9530144DA611FD9D8;
		};
		1C4ABF92C07E97F8F99B1485 = {
			isa = PBXBuildFile;
			fileRef = 0383A5E5BF4F6C1BB0F46B35;
		};
		AF4C83716E3F3FE12209E7B0 = {
			isa = PBXBuildFile;
			fileRef = 2BAFD13480F9F1B376061DB6;
		};
		2A453BCBA0BF48A567558DE3 = {
			isa = PBXBuildFile;
			fileRef = 3BA3B93B5323DE9B5C33EB99;
		};
		6C301DE7D099C1A13B8D5541 = {
			isa = PBXBuildFile;
			fileRef = 2C2BC0F51A550E9CB38F9F7A;
		};
		27633C28F0E308AA9FAD5F07 = {
			isa = PBXBuildFile;
			fileRef = 053AB159E44E8A9A448659CB;
		};
		307D38A5C6DB309083F93633 = {
			isa = PBXBuildFile;
			fileRef = AA5466AD48F49864F321BEF9;
		};
		BE7D2E32AB159DA6BA6EA0E2 = {
			isa = PBXBuildFile;
			fileRef = 07F6E8377E8F4A72A9247706;
		};
		35A36D6FD5FF3581DCD2543E = {
			isa = PBXBuildFile;
			fileRef = A4A15BADB0FCB778A739AB7D;
		};
		CE85DA07E8AADA87C2F6A0C0 = {
			isa = PBXBuildFile;
			fileRef = 9492AC68B7495211047C1175;
		};
		16876B4D93496A37BE2B61B2 = {
			isa = PBXBuildFile;
			fileRef = 0BED7659AAE3F3DCCF2FC306;
		};
		00A0E1A3898E6D522A19A5EF = {
			isa = PBXBuildFile;
			fileRef = CBD80BCCE4E29084BD3E688F;
		};
		859141417FFB3091AF7F50FF = {
			isa = PBXBuildFile;
			fileRef = 4C9DE3A90078FB2F874A3577;
		};
		7CCE909445128D9CEA7B0D62 = {
			isa = PBXBuildFile;
			fileRef = 6543D3D094B8910F2BF3DE8C;
		};
		3BB4A7707E03C5E06718BBA0 = {
			isa = PBXBuildFile;
			fileRef = A20AC9AC9E35266F002CDE56;
		};
		E421721F2D4E5C05641E4E2E = {
			isa = PBXBuildFile;
			fileRef = 3A2C98594BB84085B49F1787;
		};
		955E6D1CA41974C12E9B22FB = {
			isa = PBXBuildFile;
			fileRef = 5C2BC4BAB31FCCA8BA7248EE;
		};
		1E0FD89A66C29464116C7F04 = {
			isa = PBXBuildFile;
			fileRef = C481C8878FDF242994B2D142;
		};
		8A30D1AE639DA40D17905FE0 = {
			isa = PBXBuildFile;
			fileRef = D47F1090BF1356758B0BECD3;
		};
		6B486ABB5A71B853B315F7D3 = {
			isa = PBXBuildFile;
			fileRef = E2868E60FBA6DEFF5C80A97B;
		};
		D0F1A00DD1E728601976D893 = {
			isa = PBXBuildFile;
			fileRef = 6EC5676F9B61B135057527A3;
		};
		03ED12590B27C71A6E8FB61A = {
			isa = PBXBuildFile;
			fileRef = 81170234325788C55D79F7A7;
		};
		26DB2DEB15D235EE22A6FEDD = {
			isa = PBXBuildFile;
			fileRef = 39A515438709C2C260774FAD;
		};
		07C2B4B754978304A3BCF792 = {
			isa = PBXBuildFile;
			fileRef = D92C49788A89D8917C7BC1F3;
		};
		4F13C046DF6ABFB78BFBBCC4 = {
			isa = PBXBuildFile;
			fileRef = C12BCFC8CD10D56A4C4B66A5;
		};
		79DE176C65C1692C3C81C7E4 = {
			isa = PBXBuildFile;
			fileRef = 2FB82EC4EA36DF26070E9D84;
		};
		01EA968E358EDA9C47A0165C = {
			isa = PBXBuildFile;
			fileRef = AED00E0B87B6BD21BD1769E9;
		};
		053AB159E44E8A9A448659CB = {
			isa = PBXFileReference;
			lastKnownFileType = file.nib;
			name = RecentFilesMenuTemplate.nib;
			path = RecentFilesMenuTemplate.nib;
			sourceTree = "SOURCE_ROOT";
		};
		0828A173F036018E58AA0F0A = {
			isa = PBXFileReference;
			lastKnownFileType = file;
			name = "juce_audio_utils";
			path = "/Users/kasperi/Dropbox/My Mac (Kasperis-MacBook-Pro.local)/Documents/CODE/JUCE/modules/juce_audio_utils";
			sourceTree = "<absolute>";
		};
		73E5F59DD72B8F560B9A675E = {
			isa = PBXFileReference;
			explicitFileType = wrapper.cfbundle;
			includeInIndex = 0;
			path = OscTests.vst3;
			sourceTree = "BUILT_PRODUCTS_DIR";
		};
		4902D146C5FDAAE52DCDC930 = {
			isa = PBXFileReference;
			explicitFileType = wrapper.cfbundle;
			includeInIndex = 0;
			path = OscTests.component;
			sourceTree = "BUILT_PRODUCTS_DIR";
		};
		13EADDA20217F50E7281686F = {
			isa = PBXFileReference;
			explicitFileType = wrapper.application;
			includeInIndex = 0;
			path = OscTests.app;
			sourceTree = "BUILT_PRODUCTS_DIR";
		};
		002C94405EB955C3CFE62AD3 = {
			isa = PBXFileReference;
			explicitFileType = archive.ar;
			includeInIndex = 0;
			path = libOscTests.a;
			sourceTree = "BUILT_PRODUCTS_DIR";
		};
		0383A5E5BF4F6C1BB0F46B35 = {
			isa = PBXFileReference;
			lastKnownFileType = wrapper.framework;
			name = Foundation.framework;
			path = System/Library/Frameworks/Foundation.framework;
			sourceTree = SDKROOT;
		};
		07F6E8377E8F4A72A9247706 = {
			isa = PBXFileReference;
			lastKnownFileType = sourcecode.cpp.cpp;
			name = PluginEditor.cpp;
			path = ../../Source/PluginEditor.cpp;
			sourceTree = "SOURCE_ROOT";
		};
		084DE2B18F339043FF29FF38 = {
			isa = PBXFileReference;
			lastKnownFileType = file;
			name = "juce_audio_formats";
			path = "/Users/kasperi/Dropbox/My Mac (Kasperis-MacBook-Pro.local)/Documents/CODE/JUCE/modules/juce_audio_formats";
			sourceTree = "<absolute>";
		};
		0BED7659AAE3F3DCCF2FC306 = {
			isa = PBXFileReference;
			lastKnownFileType = sourcecode.cpp.objcpp;
			name = "include_juce_audio_formats.mm";
			path = "../../JuceLibraryCode/include_juce_audio_formats.mm";
			sourceTree = "SOURCE_ROOT";
		};
		1865B408F9E0AD68CC20B616 = {
			isa = PBXFileReference;
			lastKnownFileType = text.plist.xml;
			name = "Info-AU.plist";
			path = "Info-AU.plist";
			sourceTree = "SOURCE_ROOT";
		};
		26C8AA1A43B04FB0A1CAA613 = {
			isa = PBXFileReference;
			lastKnownFileType = text.plist.xml;
			name = "Info-Standalone_Plugin.plist";
			path = "Info-Standalone_Plugin.plist";
			sourceTree = "SOURCE_ROOT";
		};
		2BAFD13480F9F1B376061DB6 = {
			isa = PBXFileReference;
			lastKnownFileType = wrapper.framework;
			name = IOKit.framework;
			path = System/Library/Frameworks/IOKit.framework;
			sourceTree = SDKROOT;
		};
		2C2BC0F51A550E9CB38F9F7A = {
			isa = PBXFileReference;
			lastKnownFileType = wrapper.framework;
			name = WebKit.framework;
			path = System/Library/Frameworks/WebKit.framework;
			sourceTree = SDKROOT;
		};
		2FB82EC4EA36DF26070E9D84 = {
			isa = PBXFileReference;
			lastKnownFileType = sourcecode.cpp.objcpp;
			name = "include_juce_gui_basics.mm";
			path = "../../JuceLibraryCode/include_juce_gui_basics.mm";
			sourceTree = "SOURCE_ROOT";
		};
		30FDF27BC3153D5A67C9BBF3 = {
			isa = PBXFileReference;
			lastKnownFileType = file;
			name = "juce_audio_devices";
			path = "/Users/kasperi/Dropbox/My Mac (Kasperis-MacBook-Pro.local)/Documents/CODE/JUCE/modules/juce_audio_devices";
			sourceTree = "<absolute>";
		};
		35193681C13A6240097C88A7 = {
			isa = PBXFileReference;
			lastKnownFileType = text.plist.xml;
			name = "Info-VST3.plist";
			path = "Info-VST3.plist";
			sourceTree = "SOURCE_ROOT";
		};
		39A515438709C2C260774FAD = {
			isa = PBXFileReference;
			lastKnownFileType = sourcecode.cpp.objcpp;
			name = "include_juce_dsp.mm";
			path = "../../JuceLibraryCode/include_juce_dsp.mm";
			sourceTree = "SOURCE_ROOT";
		};
		3A2C98594BB84085B49F1787 = {
			isa = PBXFileReference;
			lastKnownFileType = sourcecode.cpp.cpp;
			name = "include_juce_audio_plugin_client_utils.cpp";
			path = "../../JuceLibraryCode/include_juce_audio_plugin_client_utils.cpp";
			sourceTree = "SOURCE_ROOT";
		};
		3A4435F56C6507CF6F8F882D = {
			isa = PBXFileReference;
			lastKnownFileType = wrapper.framework;
			name = Carbon.framework;
			path = System/Library/Frameworks/Carbon.framework;
			sourceTree = SDKROOT;
		};
		3BA3B93B5323DE9B5C33EB99 = {
			isa = PBXFileReference;
			lastKnownFileType = wrapper.framework;
			name = QuartzCore.framework;
			path = System/Library/Frameworks/QuartzCore.framework;
			sourceTree = SDKROOT;
		};
		4C9DE3A90078FB2F874A3577 = {
			isa = PBXFileReference;
			lastKnownFileType = sourcecode.cpp.objcpp;
			name = "include_juce_audio_plugin_client_AU_1.mm";
			path = "../../JuceLibraryCode/include_juce_audio_plugin_client_AU_1.mm";
			sourceTree = "SOURCE_ROOT";
		};
		5C2BC4BAB31FCCA8BA7248EE = {
			isa = PBXFileReference;
			lastKnownFileType = sourcecode.cpp.objcpp;
			name = "include_juce_audio_plugin_client_VST_utils.mm";
			path = "../../JuceLibraryCode/include_juce_audio_plugin_client_VST_utils.mm";
			sourceTree = "SOURCE_ROOT";
		};
		5E44B6533B47793026B7437C = {
			isa = PBXFileReference;
			lastKnownFileType = file;
			name = "juce_gui_extra";
			path = "/Users/kasperi/Dropbox/My Mac (Kasperis-MacBook-Pro.local)/Documents/CODE/JUCE/modules/juce_gui_extra";
			sourceTree = "<absolute>";
		};
		6543D3D094B8910F2BF3DE8C = {
			isa = PBXFileReference;
			lastKnownFileType = sourcecode.cpp.objcpp;
			name = "include_juce_audio_plugin_client_AU_2.mm";
			path = "../../JuceLibraryCode/include_juce_audio_plugin_client_AU_2.mm";
			sourceTree = "SOURCE_ROOT";
		};
		6EC5676F9B61B135057527A3 = {
			isa = PBXFileReference;
			lastKnownFileType = sourcecode.cpp.objcpp;
			name = "include_juce_core.mm";
			path = "../../JuceLibraryCode/include_juce_core.mm";
			sourceTree = "SOURCE_ROOT";
		};
		6ED8CA6B7168A202FE131876 = {
			isa = PBXFileReference;
			lastKnownFileType = wrapper.framework;
			name = AudioUnit.framework;
			path = System/Library/Frameworks/AudioUnit.framework;
			sourceTree = SDKROOT;
		};
		6FD3AC16001F2A66731A05D6 = {
			isa = PBXFileReference;
			lastKnownFileType = file;
			name = "juce_core";
			path = "/Users/kasperi/Dropbox/My Mac (Kasperis-MacBook-Pro.local)/Documents/CODE/JUCE/modules/juce_core";
			sourceTree = "<absolute>";
		};
		70B5F4788905B2CA6ED484AD = {
			isa = PBXFileReference;
			lastKnownFileType = file;
			name = "juce_dsp";
			path = "/Users/kasperi/Dropbox/My Mac (Kasperis-MacBook-Pro.local)/Documents/CODE/JUCE/modules/juce_dsp";
			sourceTree = "<absolute>";
		};
		7408FF1C1FCE1EAB1FB1F932 = {
			isa = PBXFileReference;
			lastKnownFileType = file;
			name = "juce_audio_plugin_client";
			path = "/Users/kasperi/Dropbox/My Mac (Kasperis-MacBook-Pro.local)/Documents/CODE/JUCE/modules/juce_audio_plugin_client";
			sourceTree = "<absolute>";
		};
		7BDB26690D70770489E0A0CD = {
			isa = PBXFileReference;
			lastKnownFileType = file;
			name = "juce_graphics";
			path = "/Users/kasperi/Dropbox/My Mac (Kasperis-MacBook-Pro.local)/Documents/CODE/JUCE/modules/juce_graphics";
			sourceTree = "<absolute>";
		};
		81170234325788C55D79F7A7 = {
			isa = PBXFileReference;
			lastKnownFileType = sourcecode.cpp.objcpp;
			name = "include_juce_data_structures.mm";
			path = "../../JuceLibraryCode/include_juce_data_structures.mm";
			sourceTree = "SOURCE_ROOT";
		};
		87C48AF97A32AB7E7B5B9057 = {
			isa = PBXFileReference;
			lastKnownFileType = wrapper.framework;
			name = Accelerate.framework;
			path = System/Library/Frameworks/Accelerate.framework;
			sourceTree = SDKROOT;
		};
		8B6A7B63E3360E64F5C36D80 = {
			isa = PBXFileReference;
			lastKnownFileType = file;
			name = "juce_events";
			path = "/Users/kasperi/Dropbox/My Mac (Kasperis-MacBook-Pro.local)/Documents/CODE/JUCE/modules/juce_events";
			sourceTree = "<absolute>";
		};
		8F4FB0EE444C4FB7A874FCE4 = {
			isa = PBXFileReference;
			lastKnownFileType = sourcecode.c.h;
			name = JucePluginDefines.h;
			path = ../../JuceLibraryCode/JucePluginDefines.h;
			sourceTree = "SOURCE_ROOT";
		};
		9492AC68B7495211047C1175 = {
			isa = PBXFileReference;
			lastKnownFileType = sourcecode.cpp.objcpp;
			name = "include_juce_audio_devices.mm";
			path = "../../JuceLibraryCode/include_juce_audio_devices.mm";
			sourceTree = "SOURCE_ROOT";
		};
		98072C2E4076866A2B7EADBE = {
			isa = PBXFileReference;
			lastKnownFileType = file;
			name = "juce_gui_basics";
			path = "/Users/kasperi/Dropbox/My Mac (Kasperis-MacBook-Pro.local)/Documents/CODE/JUCE/modules/juce_gui_basics";
			sourceTree = "<absolute>";
		};
		991B5DF2AB291C95CF36E50B = {
			isa = PBXFileReference;
			lastKnownFileType = wrapper.framework;
			name = CoreAudio.framework;
			path = System/Library/Frameworks/CoreAudio.framework;
			sourceTree = SDKROOT;
		};
		9AC7CF98F65AABF8695B5F8F = {
			isa = PBXFileReference;
			lastKnownFileType = file;
			name = "juce_audio_processors";
			path = "/Users/kasperi/Dropbox/My Mac (Kasperis-MacBook-Pro.local)/Documents/CODE/JUCE/modules/juce_audio_processors";
			sourceTree = "<absolute>";
		};
		A20AC9AC9E35266F002CDE56 = {
			isa = PBXFileReference;
			lastKnownFileType = sourcecode.cpp.cpp;
			name = "include_juce_audio_plugin_client_Standalone.cpp";
			path = "../../JuceLibraryCode/include_juce_audio_plugin_client_Standalone.cpp";
			sourceTree = "SOURCE_ROOT";
		};
		A4A15BADB0FCB778A739AB7D = {
			isa = PBXFileReference;
			lastKnownFileType = sourcecode.cpp.objcpp;
			name = "include_juce_audio_basics.mm";
			path = "../../JuceLibraryCode/include_juce_audio_basics.mm";
			sourceTree = "SOURCE_ROOT";
		};
		AA5466AD48F49864F321BEF9 = {
			isa = PBXFileReference;
			lastKnownFileType = sourcecode.cpp.cpp;
			name = PluginProcessor.cpp;
			path = ../../Source/PluginProcessor.cpp;
			sourceTree = "SOURCE_ROOT";
		};
		AB88CFA724800809FFC814F5 = {
			isa = PBXFileReference;
			lastKnownFileType = file;
			name = "juce_audio_basics";
			path = "/Users/kasperi/Dropbox/My Mac (Kasperis-MacBook-Pro.local)/Documents/CODE/JUCE/modules/juce_audio_basics";
			sourceTree = "<absolute>";
		};
		AED00E0B87B6BD21BD1769E9 = {
			isa = PBXFileReference;
			lastKnownFileType = sourcecode.cpp.objcpp;
			name = "include_juce_gui_extra.mm";
			path = "../../JuceLibraryCode/include_juce_gui_extra.mm";
			sourceTree = "SOURCE_ROOT";
		};
		B1ECFA0FF7C34C4598D3C501 = {
			isa = PBXFileReference;
			lastKnownFileType = sourcecode.c.h;
			name = PluginEditor.h;
			path = ../../Source/PluginEditor.h;
			sourceTree = "SOURCE_ROOT";
		};
		C12BCFC8CD10D56A4C4B66A5 = {
			isa = PBXFileReference;
			lastKnownFileType = sourcecode.cpp.objcpp;
			name = "include_juce_graphics.mm";
			path = "../../JuceLibraryCode/include_juce_graphics.mm";
			sourceTree = "SOURCE_ROOT";
		};
		C2AE233DCE396869E2C4310C = {
			isa = PBXFileReference;
			lastKnownFileType = wrapper.framework;
			name = CoreMIDI.framework;
			path = System/Library/Frameworks/CoreMIDI.framework;
			sourceTree = SDKROOT;
		};
		C481C8878FDF242994B2D142 = {
			isa = PBXFileReference;
			lastKnownFileType = sourcecode.cpp.cpp;
			name = "include_juce_audio_plugin_client_VST3.cpp";
			path = "../../JuceLibraryCode/include_juce_audio_plugin_client_VST3.cpp";
			sourceTree = "SOURCE_ROOT";
		};
		C52F333192E82B149093D015 = {
			isa = PBXFileReference;
			lastKnownFileType = sourcecode.c.h;
			name = JuceHeader.h;
			path = ../../JuceLibraryCode/JuceHeader.h;
			sourceTree = "SOURCE_ROOT";
		};
		CBD80BCCE4E29084BD3E688F = {
			isa = PBXFileReference;
			lastKnownFileType = file.r;
			name = "include_juce_audio_plugin_client_AU.r";
			path = "../../JuceLibraryCode/include_juce_audio_plugin_client_AU.r";
			sourceTree = "SOURCE_ROOT";
		};
		D47F1090BF1356758B0BECD3 = {
			isa = PBXFileReference;
			lastKnownFileType = sourcecode.cpp.objcpp;
			name = "include_juce_audio_processors.mm";
			path = "../../JuceLibraryCode/include_juce_audio_processors.mm";
			sourceTree = "SOURCE_ROOT";
		};
		D92C49788A89D8917C7BC1F3 = {
			isa = PBXFileReference;
			lastKnownFileType = sourcecode.cpp.objcpp;
			name = "include_juce_events.mm";
			path = "../../JuceLibraryCode/include_juce_events.mm";
			sourceTree = "SOURCE_ROOT";
		};
		DA6DFE68883DBA6EFAD93EDD = {
			isa = PBXFileReference;
			lastKnownFileType = sourcecode.c.h;
			name = PluginProcessor.h;
			path = ../../Source/PluginProcessor.h;
			sourceTree = "SOURCE_ROOT";
		};
		DC5FFEDA92E130D837D4FE8E = {
			isa = PBXFileReference;
			lastKnownFileType = wrapper.framework;
			name = AudioToolbox.framework;
			path = System/Library/Frameworks/AudioToolbox.framework;
			sourceTree = SDKROOT;
		};
		E2868E60FBA6DEFF5C80A97B = {
			isa = PBXFileReference;
			lastKnownFileType = sourcecode.cpp.objcpp;
			name = "include_juce_audio_utils.mm";
			path = "../../JuceLibraryCode/include_juce_audio_utils.mm";
			sourceTree = "SOURCE_ROOT";
		};
		EAE04673B87987B34EF4B66E = {
			isa = PBXFileReference;
			lastKnownFileType = file;
			name = "juce_data_structures";
			path = "/Users/kasperi/Dropbox/My Mac (Kasperis-MacBook-Pro.local)/Documents/CODE/JUCE/modules/juce_data_structures";
			sourceTree = "<absolute>";
		};
		F1D03D925383106121AA2117 = {
			isa = PBXFileReference;
			lastKnownFileType = wrapper.framework;
			name = Cocoa.framework;
			path = System/Library/Frameworks/Cocoa.framework;
			sourceTree = SDKROOT;
		};
		F843F15D7E56347C2D453880 = {
			isa = PBXFileReference;
			lastKnownFileType = wrapper.framework;
			name = CoreAudioKit.framework;
			path = System/Library/Frameworks/CoreAudioKit.framework;
			sourceTree = SDKROOT;
		};
		FDFBA0A9530144DA611FD9D8 = {
			isa = PBXFileReference;
			lastKnownFileType = wrapper.framework;
			name = DiscRecording.framework;
			path = System/Library/Frameworks/DiscRecording.framework;
			sourceTree = SDKROOT;
		};
		95FEBA21C3F6A1C69D4F39F9 = {
			isa = PBXGroup;
			children = (
				AA5466AD48F49864F321BEF9,
				DA6DFE68883DBA6EFAD93EDD,
				07F6E8377E8F4A72A9247706,
				B1ECFA0FF7C34C4598D3C501,
			);
			name = Source;
			sourceTree = "<group>";
		};
		DE630AB30CF292713BF9BD7B = {
			isa = PBXGroup;
			children = (
				95FEBA21C3F6A1C69D4F39F9,
			);
			name = OscTests;
			sourceTree = "<group>";
		};
		9CBD1034443E3E60F6582FFF = {
			isa = PBXGroup;
			children = (
				AB88CFA724800809FFC814F5,
				30FDF27BC3153D5A67C9BBF3,
				084DE2B18F339043FF29FF38,
				7408FF1C1FCE1EAB1FB1F932,
				9AC7CF98F65AABF8695B5F8F,
				0828A173F036018E58AA0F0A,
				6FD3AC16001F2A66731A05D6,
				EAE04673B87987B34EF4B66E,
				70B5F4788905B2CA6ED484AD,
				8B6A7B63E3360E64F5C36D80,
				7BDB26690D70770489E0A0CD,
				98072C2E4076866A2B7EADBE,
				5E44B6533B47793026B7437C,
			);
			name = "JUCE Modules";
			sourceTree = "<group>";
		};
		E3859D3FAEA9E2126D76F2CF = {
			isa = PBXGroup;
			children = (
				A4A15BADB0FCB778A739AB7D,
				9492AC68B7495211047C1175,
				0BED7659AAE3F3DCCF2FC306,
				CBD80BCCE4E29084BD3E688F,
				4C9DE3A90078FB2F874A3577,
				6543D3D094B8910F2BF3DE8C,
				A20AC9AC9E35266F002CDE56,
				3A2C98594BB84085B49F1787,
				5C2BC4BAB31FCCA8BA7248EE,
				C481C8878FDF242994B2D142,
				D47F1090BF1356758B0BECD3,
				E2868E60FBA6DEFF5C80A97B,
				6EC5676F9B61B135057527A3,
				81170234325788C55D79F7A7,
				39A515438709C2C260774FAD,
				D92C49788A89D8917C7BC1F3,
				C12BCFC8CD10D56A4C4B66A5,
				2FB82EC4EA36DF26070E9D84,
				AED00E0B87B6BD21BD1769E9,
				C52F333192E82B149093D015,
				8F4FB0EE444C4FB7A874FCE4,
			);
			name = "JUCE Library Code";
			sourceTree = "<group>";
		};
		E19C8C88DE73A4DF994D00C6 = {
			isa = PBXGroup;
			children = (
				35193681C13A6240097C88A7,
				1865B408F9E0AD68CC20B616,
				26C8AA1A43B04FB0A1CAA613,
				053AB159E44E8A9A448659CB,
			);
			name = Resources;
			sourceTree = "<group>";
		};
		53E5293E9F81E505769C7BBA = {
			isa = PBXGroup;
			children = (
				6ED8CA6B7168A202FE131876,
				87C48AF97A32AB7E7B5B9057,
				DC5FFEDA92E130D837D4FE8E,
				3A4435F56C6507CF6F8F882D,
				F1D03D925383106121AA2117,
				991B5DF2AB291C95CF36E50B,
				F843F15D7E56347C2D453880,
				C2AE233DCE396869E2C4310C,
				FDFBA0A9530144DA611FD9D8,
				0383A5E5BF4F6C1BB0F46B35,
				2BAFD13480F9F1B376061DB6,
				3BA3B93B5323DE9B5C33EB99,
				2C2BC0F51A550E9CB38F9F7A,
			);
			name = Frameworks;
			sourceTree = "<group>";
		};
		46AD58E14D6626E0B53CFABC = {
			isa = PBXGroup;
			children = (
				73E5F59DD72B8F560B9A675E,
				4902D146C5FDAAE52DCDC930,
				13EADDA20217F50E7281686F,
				002C94405EB955C3CFE62AD3,
			);
			name = Products;
			sourceTree = "<group>";
		};
		6FD9F10E98793F956585A8ED = {
			isa = PBXGroup;
			children = (
				DE630AB30CF292713BF9BD7B,
				9CBD1034443E3E60F6582FFF,
				E3859D3FAEA9E2126D76F2CF,
				E19C8C88DE73A4DF994D00C6,
				53E5293E9F81E505769C7BBA,
				46AD58E14D6626E0B53CFABC,
			);
			name = Source;
			sourceTree = "<group>";
		};
		03AB124B4329A92081649DF7 = {
			isa = PBXTargetDependency;
			target = 6602925548C4B0DD37F82E5C;
		};
		884BC3E76B60B476654C98F6 = {
			isa = PBXTargetDependency;
			target = 4F47B7C68ED59AC902AC33E6;
		};
		6D3065CDCF51A7A750322FC8 = {
			isa = PBXTargetDependency;
			target = BE77AFC0A5AF8D6C3B54F5BE;
		};
		F3369F9A0C9A9C7D72C4C283 = {
			isa = PBXTargetDependency;
			target = 892F1102E9FFB242D59AABC6;
		};
		10C4B0EF7580BE7EC3A64C91 = {
			isa = PBXTargetDependency;
			target = 892F1102E9FFB242D59AABC6;
		};
		65CC9DB1EA155E548C89E3B4 = {
			isa = PBXTargetDependency;
			target = 892F1102E9FFB242D59AABC6;
		};
		1C85649563D7CD8E6CFC4D0E = {
			isa = PBXTargetDependency;
			target = 892F1102E9FFB242D59AABC6;
		};
		18E6B7B141D58553E27BA22D = {
			isa = XCBuildConfiguration;
			buildSettings = {
				MACOSX_DEPLOYMENT_TARGET = 10.11;
				SDKROOT = macosx;
			};
			name = Debug;
		};
		6D4A654A2891C6875F4C40C0 = {
			isa = XCBuildConfiguration;
			buildSettings = {
				MACOSX_DEPLOYMENT_TARGET = 10.11;
				SDKROOT = macosx;
			};
			name = Release;
		};
		B1B38EDA480AFFDFEBBCBB93 = {
			isa = XCBuildConfiguration;
			buildSettings = {
				CLANG_CXX_LANGUAGE_STANDARD = "c++14";
				CLANG_CXX_LIBRARY = "libc++";
				CLANG_LINK_OBJC_RUNTIME = NO;
				CODE_SIGN_IDENTITY = "";
				COMBINE_HIDPI_IMAGES = YES;
				CONFIGURATION_BUILD_DIR = "$(PROJECT_DIR)/build/$(CONFIGURATION)";
				COPY_PHASE_STRIP = NO;
				DEPLOYMENT_LOCATION = YES;
				DSTROOT = /;
				GCC_DYNAMIC_NO_PIC = NO;
				GCC_OPTIMIZATION_LEVEL = 0;
				GCC_PREPROCESSOR_DEFINITIONS = (
					"_DEBUG=1",
					"DEBUG=1",
					"JUCE_DISPLAY_SPLASH_SCREEN=1",
					"JUCE_USE_DARK_SPLASH_SCREEN=1",
					"JUCE_PROJUCER_VERSION=0x60007",
					"JUCE_MODULE_AVAILABLE_juce_audio_basics=1",
					"JUCE_MODULE_AVAILABLE_juce_audio_devices=1",
					"JUCE_MODULE_AVAILABLE_juce_audio_formats=1",
					"JUCE_MODULE_AVAILABLE_juce_audio_plugin_client=1",
					"JUCE_MODULE_AVAILABLE_juce_audio_processors=1",
					"JUCE_MODULE_AVAILABLE_juce_audio_utils=1",
					"JUCE_MODULE_AVAILABLE_juce_core=1",
					"JUCE_MODULE_AVAILABLE_juce_data_structures=1",
					"JUCE_MODULE_AVAILABLE_juce_dsp=1",
					"JUCE_MODULE_AVAILABLE_juce_events=1",
					"JUCE_MODULE_AVAILABLE_juce_graphics=1",
					"JUCE_MODULE_AVAILABLE_juce_gui_basics=1",
					"JUCE_MODULE_AVAILABLE_juce_gui_extra=1",
					"JUCE_GLOBAL_MODULE_SETTINGS_INCLUDED=1",
					"JUCE_VST3_CAN_REPLACE_VST2=0",
					"JUCE_STRICT_REFCOUNTEDPOINTER=1",
					"JucePlugin_Build_VST=0",
					"JucePlugin_Build_VST3=1",
					"JucePlugin_Build_AU=0",
					"JucePlugin_Build_AUv3=0",
					"JucePlugin_Build_RTAS=0",
					"JucePlugin_Build_AAX=0",
					"JucePlugin_Build_Standalone=0",
					"JucePlugin_Build_Unity=0",
					"JucePlugin_Enable_IAA=0",
					"JucePlugin_Name=\\\"OscTests\\\"",
					"JucePlugin_Desc=\\\"OscTests\\\"",
					"JucePlugin_Manufacturer=\\\"yourcompany\\\"",
					"JucePlugin_ManufacturerWebsite=\\\"\\\"",
					"JucePlugin_ManufacturerEmail=\\\"\\\"",
					"JucePlugin_ManufacturerCode=0x4d616e75",
					"JucePlugin_PluginCode=0x59733961",
					"JucePlugin_IsSynth=0",
					"JucePlugin_WantsMidiInput=0",
					"JucePlugin_ProducesMidiOutput=0",
					"JucePlugin_IsMidiEffect=0",
					"JucePlugin_EditorRequiresKeyboardFocus=0",
					"JucePlugin_Version=1.0.0",
					"JucePlugin_VersionCode=0x10000",
					"JucePlugin_VersionString=\\\"1.0.0\\\"",
					"JucePlugin_VSTUniqueID=JucePlugin_PluginCode",
					"JucePlugin_VSTCategory=kPlugCategEffect",
					"JucePlugin_Vst3Category=\\\"Fx\\\"",
					"JucePlugin_AUMainType='aufx'",
					"JucePlugin_AUSubType=JucePlugin_PluginCode",
					"JucePlugin_AUExportPrefix=OscTestsAU",
					"JucePlugin_AUExportPrefixQuoted=\\\"OscTestsAU\\\"",
					"JucePlugin_AUManufacturerCode=JucePlugin_ManufacturerCode",
					"JucePlugin_CFBundleIdentifier=com.yourcompany.OscTests",
					"JucePlugin_RTASCategory=0",
					"JucePlugin_RTASManufacturerCode=JucePlugin_ManufacturerCode",
					"JucePlugin_RTASProductId=JucePlugin_PluginCode",
					"JucePlugin_RTASDisableBypass=0",
					"JucePlugin_RTASDisableMultiMono=0",
					"JucePlugin_AAXIdentifier=com.yourcompany.OscTests",
					"JucePlugin_AAXManufacturerCode=JucePlugin_ManufacturerCode",
					"JucePlugin_AAXProductId=JucePlugin_PluginCode",
					"JucePlugin_AAXCategory=0",
					"JucePlugin_AAXDisableBypass=0",
					"JucePlugin_AAXDisableMultiMono=0",
					"JucePlugin_IAAType=0x61757278",
					"JucePlugin_IAASubType=JucePlugin_PluginCode",
					"JucePlugin_IAAName=\\\"yourcompany:\\ OscTests\\\"",
					"JucePlugin_VSTNumMidiInputs=16",
					"JucePlugin_VSTNumMidiOutputs=16",
					"JUCE_STANDALONE_APPLICATION=JucePlugin_Build_Standalone",
					"JUCER_XCODE_MAC_F6D2F4CF=1",
					"JUCE_APP_VERSION=1.0.0",
					"JUCE_APP_VERSION_HEX=0x10000",
				);
				GCC_VERSION = com.apple.compilers.llvm.clang.1_0;
				GENERATE_PKGINFO_FILE = YES;
				HEADER_SEARCH_PATHS = (
					"\"/Users/kasperi/Dropbox/My Mac (Kasperis-MacBook-Pro.local)/Documents/CODE/JUCE/modules/juce_audio_processors/format_types/VST3_SDK\"",
					"$(SRCROOT)/../../JuceLibraryCode",
					"\"/Users/kasperi/Dropbox/My Mac (Kasperis-MacBook-Pro.local)/Documents/CODE/JUCE/modules\"",
					"\"/Users/kasperi/Dropbox/My Mac (Kasperis-MacBook-Pro.local)/Documents/CODE/JUCE/modules/juce_audio_plugin_client\"",
					"$(inherited)",
				);
				INFOPLIST_FILE = Info-VST3.plist;
				INFOPLIST_PREPROCESS = NO;
				INSTALL_PATH = "$(HOME)/Library/Audio/Plug-Ins/VST3/";
				LIBRARY_STYLE = Bundle;
				MACOSX_DEPLOYMENT_TARGET = 10.11;
				MTL_HEADER_SEARCH_PATHS = (
					"\"/Users/kasperi/Dropbox/My Mac (Kasperis-MacBook-Pro.local)/Documents/CODE/JUCE/modules/juce_audio_processors/format_types/VST3_SDK\"",
					"$(SRCROOT)/../../JuceLibraryCode",
					"\"/Users/kasperi/Dropbox/My Mac (Kasperis-MacBook-Pro.local)/Documents/CODE/JUCE/modules\"",
					"\"/Users/kasperi/Dropbox/My Mac (Kasperis-MacBook-Pro.local)/Documents/CODE/JUCE/modules/juce_audio_plugin_client\"",
				);
				OTHER_LDFLAGS = "-bundle -lOscTests";
				PRODUCT_BUNDLE_IDENTIFIER = com.yourcompany.OscTests;
				PRODUCT_NAME = "OscTests";
				USE_HEADERMAP = NO;
				VALID_ARCHS = "i386 x86_64 arm64 arm64e";
				WRAPPER_EXTENSION = vst3;
			};
			name = Debug;
		};
		9FE3225075F92A33F8789E48 = {
			isa = XCBuildConfiguration;
			buildSettings = {
				CLANG_CXX_LANGUAGE_STANDARD = "c++14";
				CLANG_CXX_LIBRARY = "libc++";
				CLANG_LINK_OBJC_RUNTIME = NO;
				CODE_SIGN_IDENTITY = "";
				COMBINE_HIDPI_IMAGES = YES;
				CONFIGURATION_BUILD_DIR = "$(PROJECT_DIR)/build/$(CONFIGURATION)";
				DEAD_CODE_STRIPPING = YES;
				DEPLOYMENT_LOCATION = YES;
				DSTROOT = /;
				GCC_GENERATE_DEBUGGING_SYMBOLS = NO;
				GCC_OPTIMIZATION_LEVEL = 3;
				GCC_PREPROCESSOR_DEFINITIONS = (
					"_NDEBUG=1",
					"NDEBUG=1",
					"JUCE_DISPLAY_SPLASH_SCREEN=1",
					"JUCE_USE_DARK_SPLASH_SCREEN=1",
					"JUCE_PROJUCER_VERSION=0x60007",
					"JUCE_MODULE_AVAILABLE_juce_audio_basics=1",
					"JUCE_MODULE_AVAILABLE_juce_audio_devices=1",
					"JUCE_MODULE_AVAILABLE_juce_audio_formats=1",
					"JUCE_MODULE_AVAILABLE_juce_audio_plugin_client=1",
					"JUCE_MODULE_AVAILABLE_juce_audio_processors=1",
					"JUCE_MODULE_AVAILABLE_juce_audio_utils=1",
					"JUCE_MODULE_AVAILABLE_juce_core=1",
					"JUCE_MODULE_AVAILABLE_juce_data_structures=1",
					"JUCE_MODULE_AVAILABLE_juce_dsp=1",
					"JUCE_MODULE_AVAILABLE_juce_events=1",
					"JUCE_MODULE_AVAILABLE_juce_graphics=1",
					"JUCE_MODULE_AVAILABLE_juce_gui_basics=1",
					"JUCE_MODULE_AVAILABLE_juce_gui_extra=1",
					"JUCE_GLOBAL_MODULE_SETTINGS_INCLUDED=1",
					"JUCE_VST3_CAN_REPLACE_VST2=0",
					"JUCE_STRICT_REFCOUNTEDPOINTER=1",
					"JucePlugin_Build_VST=0",
					"JucePlugin_Build_VST3=1",
					"JucePlugin_Build_AU=0",
					"JucePlugin_Build_AUv3=0",
					"JucePlugin_Build_RTAS=0",
					"JucePlugin_Build_AAX=0",
					"JucePlugin_Build_Standalone=0",
					"JucePlugin_Build_Unity=0",
					"JucePlugin_Enable_IAA=0",
					"JucePlugin_Name=\\\"OscTests\\\"",
					"JucePlugin_Desc=\\\"OscTests\\\"",
					"JucePlugin_Manufacturer=\\\"yourcompany\\\"",
					"JucePlugin_ManufacturerWebsite=\\\"\\\"",
					"JucePlugin_ManufacturerEmail=\\\"\\\"",
					"JucePlugin_ManufacturerCode=0x4d616e75",
					"JucePlugin_PluginCode=0x59733961",
					"JucePlugin_IsSynth=0",
					"JucePlugin_WantsMidiInput=0",
					"JucePlugin_ProducesMidiOutput=0",
					"JucePlugin_IsMidiEffect=0",
					"JucePlugin_EditorRequiresKeyboardFocus=0",
					"JucePlugin_Version=1.0.0",
					"JucePlugin_VersionCode=0x10000",
					"JucePlugin_VersionString=\\\"1.0.0\\\"",
					"JucePlugin_VSTUniqueID=JucePlugin_PluginCode",
					"JucePlugin_VSTCategory=kPlugCategEffect",
					"JucePlugin_Vst3Category=\\\"Fx\\\"",
					"JucePlugin_AUMainType='aufx'",
					"JucePlugin_AUSubType=JucePlugin_PluginCode",
					"JucePlugin_AUExportPrefix=OscTestsAU",
					"JucePlugin_AUExportPrefixQuoted=\\\"OscTestsAU\\\"",
					"JucePlugin_AUManufacturerCode=JucePlugin_ManufacturerCode",
					"JucePlugin_CFBundleIdentifier=com.yourcompany.OscTests",
					"JucePlugin_RTASCategory=0",
					"JucePlugin_RTASManufacturerCode=JucePlugin_ManufacturerCode",
					"JucePlugin_RTASProductId=JucePlugin_PluginCode",
					"JucePlugin_RTASDisableBypass=0",
					"JucePlugin_RTASDisableMultiMono=0",
					"JucePlugin_AAXIdentifier=com.yourcompany.OscTests",
					"JucePlugin_AAXManufacturerCode=JucePlugin_ManufacturerCode",
					"JucePlugin_AAXProductId=JucePlugin_PluginCode",
					"JucePlugin_AAXCategory=0",
					"JucePlugin_AAXDisableBypass=0",
					"JucePlugin_AAXDisableMultiMono=0",
					"JucePlugin_IAAType=0x61757278",
					"JucePlugin_IAASubType=JucePlugin_PluginCode",
					"JucePlugin_IAAName=\\\"yourcompany:\\ OscTests\\\"",
					"JucePlugin_VSTNumMidiInputs=16",
					"JucePlugin_VSTNumMidiOutputs=16",
					"JUCE_STANDALONE_APPLICATION=JucePlugin_Build_Standalone",
					"JUCER_XCODE_MAC_F6D2F4CF=1",
					"JUCE_APP_VERSION=1.0.0",
					"JUCE_APP_VERSION_HEX=0x10000",
				);
				GCC_VERSION = com.apple.compilers.llvm.clang.1_0;
				GENERATE_PKGINFO_FILE = YES;
				HEADER_SEARCH_PATHS = (
					"\"/Users/kasperi/Dropbox/My Mac (Kasperis-MacBook-Pro.local)/Documents/CODE/JUCE/modules/juce_audio_processors/format_types/VST3_SDK\"",
					"$(SRCROOT)/../../JuceLibraryCode",
					"\"/Users/kasperi/Dropbox/My Mac (Kasperis-MacBook-Pro.local)/Documents/CODE/JUCE/modules\"",
					"\"/Users/kasperi/Dropbox/My Mac (Kasperis-MacBook-Pro.local)/Documents/CODE/JUCE/modules/juce_audio_plugin_client\"",
					"$(inherited)",
				);
				INFOPLIST_FILE = Info-VST3.plist;
				INFOPLIST_PREPROCESS = NO;
				INSTALL_PATH = "$(HOME)/Library/Audio/Plug-Ins/VST3/";
				LIBRARY_STYLE = Bundle;
				LLVM_LTO = YES;
				MACOSX_DEPLOYMENT_TARGET = 10.11;
				MTL_HEADER_SEARCH_PATHS = (
					"\"/Users/kasperi/Dropbox/My Mac (Kasperis-MacBook-Pro.local)/Documents/CODE/JUCE/modules/juce_audio_processors/format_types/VST3_SDK\"",
					"$(SRCROOT)/../../JuceLibraryCode",
					"\"/Users/kasperi/Dropbox/My Mac (Kasperis-MacBook-Pro.local)/Documents/CODE/JUCE/modules\"",
					"\"/Users/kasperi/Dropbox/My Mac (Kasperis-MacBook-Pro.local)/Documents/CODE/JUCE/modules/juce_audio_plugin_client\"",
				);
				OTHER_LDFLAGS = "-bundle -lOscTests";
				PRODUCT_BUNDLE_IDENTIFIER = com.yourcompany.OscTests;
				PRODUCT_NAME = "OscTests";
				USE_HEADERMAP = NO;
				VALID_ARCHS = "i386 x86_64 arm64 arm64e";
				WRAPPER_EXTENSION = vst3;
			};
			name = Release;
		};
		FCF8373C77F0E60C3C488D07 = {
			isa = XCBuildConfiguration;
			buildSettings = {
				CLANG_CXX_LANGUAGE_STANDARD = "c++14";
				CLANG_CXX_LIBRARY = "libc++";
				CLANG_LINK_OBJC_RUNTIME = NO;
				CODE_SIGN_IDENTITY = "";
				COMBINE_HIDPI_IMAGES = YES;
				CONFIGURATION_BUILD_DIR = "$(PROJECT_DIR)/build/$(CONFIGURATION)";
				COPY_PHASE_STRIP = NO;
				DEPLOYMENT_LOCATION = YES;
				DSTROOT = /;
				GCC_DYNAMIC_NO_PIC = NO;
				GCC_OPTIMIZATION_LEVEL = 0;
				GCC_PREPROCESSOR_DEFINITIONS = (
					"_DEBUG=1",
					"DEBUG=1",
					"JUCE_DISPLAY_SPLASH_SCREEN=1",
					"JUCE_USE_DARK_SPLASH_SCREEN=1",
					"JUCE_PROJUCER_VERSION=0x60007",
					"JUCE_MODULE_AVAILABLE_juce_audio_basics=1",
					"JUCE_MODULE_AVAILABLE_juce_audio_devices=1",
					"JUCE_MODULE_AVAILABLE_juce_audio_formats=1",
					"JUCE_MODULE_AVAILABLE_juce_audio_plugin_client=1",
					"JUCE_MODULE_AVAILABLE_juce_audio_processors=1",
					"JUCE_MODULE_AVAILABLE_juce_audio_utils=1",
					"JUCE_MODULE_AVAILABLE_juce_core=1",
					"JUCE_MODULE_AVAILABLE_juce_data_structures=1",
					"JUCE_MODULE_AVAILABLE_juce_dsp=1",
					"JUCE_MODULE_AVAILABLE_juce_events=1",
					"JUCE_MODULE_AVAILABLE_juce_graphics=1",
					"JUCE_MODULE_AVAILABLE_juce_gui_basics=1",
					"JUCE_MODULE_AVAILABLE_juce_gui_extra=1",
					"JUCE_GLOBAL_MODULE_SETTINGS_INCLUDED=1",
					"JUCE_VST3_CAN_REPLACE_VST2=0",
					"JUCE_STRICT_REFCOUNTEDPOINTER=1",
					"JucePlugin_Build_VST=0",
					"JucePlugin_Build_VST3=0",
					"JucePlugin_Build_AU=1",
					"JucePlugin_Build_AUv3=0",
					"JucePlugin_Build_RTAS=0",
					"JucePlugin_Build_AAX=0",
					"JucePlugin_Build_Standalone=0",
					"JucePlugin_Build_Unity=0",
					"JucePlugin_Enable_IAA=0",
					"JucePlugin_Name=\\\"OscTests\\\"",
					"JucePlugin_Desc=\\\"OscTests\\\"",
					"JucePlugin_Manufacturer=\\\"yourcompany\\\"",
					"JucePlugin_ManufacturerWebsite=\\\"\\\"",
					"JucePlugin_ManufacturerEmail=\\\"\\\"",
					"JucePlugin_ManufacturerCode=0x4d616e75",
					"JucePlugin_PluginCode=0x59733961",
					"JucePlugin_IsSynth=0",
					"JucePlugin_WantsMidiInput=0",
					"JucePlugin_ProducesMidiOutput=0",
					"JucePlugin_IsMidiEffect=0",
					"JucePlugin_EditorRequiresKeyboardFocus=0",
					"JucePlugin_Version=1.0.0",
					"JucePlugin_VersionCode=0x10000",
					"JucePlugin_VersionString=\\\"1.0.0\\\"",
					"JucePlugin_VSTUniqueID=JucePlugin_PluginCode",
					"JucePlugin_VSTCategory=kPlugCategEffect",
					"JucePlugin_Vst3Category=\\\"Fx\\\"",
					"JucePlugin_AUMainType='aufx'",
					"JucePlugin_AUSubType=JucePlugin_PluginCode",
					"JucePlugin_AUExportPrefix=OscTestsAU",
					"JucePlugin_AUExportPrefixQuoted=\\\"OscTestsAU\\\"",
					"JucePlugin_AUManufacturerCode=JucePlugin_ManufacturerCode",
					"JucePlugin_CFBundleIdentifier=com.yourcompany.OscTests",
					"JucePlugin_RTASCategory=0",
					"JucePlugin_RTASManufacturerCode=JucePlugin_ManufacturerCode",
					"JucePlugin_RTASProductId=JucePlugin_PluginCode",
					"JucePlugin_RTASDisableBypass=0",
					"JucePlugin_RTASDisableMultiMono=0",
					"JucePlugin_AAXIdentifier=com.yourcompany.OscTests",
					"JucePlugin_AAXManufacturerCode=JucePlugin_ManufacturerCode",
					"JucePlugin_AAXProductId=JucePlugin_PluginCode",
					"JucePlugin_AAXCategory=0",
					"JucePlugin_AAXDisableBypass=0",
					"JucePlugin_AAXDisableMultiMono=0",
					"JucePlugin_IAAType=0x61757278",
					"JucePlugin_IAASubType=JucePlugin_PluginCode",
					"JucePlugin_IAAName=\\\"yourcompany:\\ OscTests\\\"",
					"JucePlugin_VSTNumMidiInputs=16",
					"JucePlugin_VSTNumMidiOutputs=16",
					"JUCE_STANDALONE_APPLICATION=JucePlugin_Build_Standalone",
					"JUCER_XCODE_MAC_F6D2F4CF=1",
					"JUCE_APP_VERSION=1.0.0",
					"JUCE_APP_VERSION_HEX=0x10000",
				);
				GCC_VERSION = com.apple.compilers.llvm.clang.1_0;
				GENERATE_PKGINFO_FILE = YES;
				HEADER_SEARCH_PATHS = (
					"\"/Users/kasperi/Dropbox/My Mac (Kasperis-MacBook-Pro.local)/Documents/CODE/JUCE/modules/juce_audio_processors/format_types/VST3_SDK\"",
					"$(SRCROOT)/../../JuceLibraryCode",
					"\"/Users/kasperi/Dropbox/My Mac (Kasperis-MacBook-Pro.local)/Documents/CODE/JUCE/modules\"",
					"\"/Users/kasperi/Dropbox/My Mac (Kasperis-MacBook-Pro.local)/Documents/CODE/JUCE/modules/juce_audio_plugin_client\"",
					"$(inherited)",
				);
				INFOPLIST_FILE = Info-AU.plist;
				INFOPLIST_PREPROCESS = NO;
				INSTALL_PATH = "$(HOME)/Library/Audio/Plug-Ins/Components/";
				LIBRARY_STYLE = Bundle;
				MACOSX_DEPLOYMENT_TARGET = 10.11;
				MTL_HEADER_SEARCH_PATHS = (
					"\"/Users/kasperi/Dropbox/My Mac (Kasperis-MacBook-Pro.local)/Documents/CODE/JUCE/modules/juce_audio_processors/format_types/VST3_SDK\"",
					"$(SRCROOT)/../../JuceLibraryCode",
					"\"/Users/kasperi/Dropbox/My Mac (Kasperis-MacBook-Pro.local)/Documents/CODE/JUCE/modules\"",
					"\"/Users/kasperi/Dropbox/My Mac (Kasperis-MacBook-Pro.local)/Documents/CODE/JUCE/modules/juce_audio_plugin_client\"",
				);
				OTHER_LDFLAGS = "-bundle -lOscTests";
				OTHER_REZFLAGS = "-d ppc_$ppc -d i386_$i386 -d ppc64_$ppc64 -d x86_64_$x86_64 -I /System/Library/Frameworks/CoreServices.framework/Frameworks/CarbonCore.framework/Versions/A/Headers -I \"$(DEVELOPER_DIR)/Extras/CoreAudio/AudioUnits/AUPublic/AUBase\" -I \"$(DEVELOPER_DIR)/Platforms/MacOSX.platform/Developer/SDKs/MacOSX.sdk/System/Library/Frameworks/AudioUnit.framework/Headers\"";
				PRODUCT_BUNDLE_IDENTIFIER = com.yourcompany.OscTests;
				PRODUCT_NAME = "OscTests";
				USE_HEADERMAP = NO;
				VALID_ARCHS = "i386 x86_64 arm64 arm64e";
				WRAPPER_EXTENSION = component;
			};
			name = Debug;
		};
		100C84C3AA1244FCD01E1D3E = {
			isa = XCBuildConfiguration;
			buildSettings = {
				CLANG_CXX_LANGUAGE_STANDARD = "c++14";
				CLANG_CXX_LIBRARY = "libc++";
				CLANG_LINK_OBJC_RUNTIME = NO;
				CODE_SIGN_IDENTITY = "";
				COMBINE_HIDPI_IMAGES = YES;
				CONFIGURATION_BUILD_DIR = "$(PROJECT_DIR)/build/$(CONFIGURATION)";
				DEAD_CODE_STRIPPING = YES;
				DEPLOYMENT_LOCATION = YES;
				DSTROOT = /;
				GCC_GENERATE_DEBUGGING_SYMBOLS = NO;
				GCC_OPTIMIZATION_LEVEL = 3;
				GCC_PREPROCESSOR_DEFINITIONS = (
					"_NDEBUG=1",
					"NDEBUG=1",
					"JUCE_DISPLAY_SPLASH_SCREEN=1",
					"JUCE_USE_DARK_SPLASH_SCREEN=1",
					"JUCE_PROJUCER_VERSION=0x60007",
					"JUCE_MODULE_AVAILABLE_juce_audio_basics=1",
					"JUCE_MODULE_AVAILABLE_juce_audio_devices=1",
					"JUCE_MODULE_AVAILABLE_juce_audio_formats=1",
					"JUCE_MODULE_AVAILABLE_juce_audio_plugin_client=1",
					"JUCE_MODULE_AVAILABLE_juce_audio_processors=1",
					"JUCE_MODULE_AVAILABLE_juce_audio_utils=1",
					"JUCE_MODULE_AVAILABLE_juce_core=1",
					"JUCE_MODULE_AVAILABLE_juce_data_structures=1",
					"JUCE_MODULE_AVAILABLE_juce_dsp=1",
					"JUCE_MODULE_AVAILABLE_juce_events=1",
					"JUCE_MODULE_AVAILABLE_juce_graphics=1",
					"JUCE_MODULE_AVAILABLE_juce_gui_basics=1",
					"JUCE_MODULE_AVAILABLE_juce_gui_extra=1",
					"JUCE_GLOBAL_MODULE_SETTINGS_INCLUDED=1",
					"JUCE_VST3_CAN_REPLACE_VST2=0",
					"JUCE_STRICT_REFCOUNTEDPOINTER=1",
					"JucePlugin_Build_VST=0",
					"JucePlugin_Build_VST3=0",
					"JucePlugin_Build_AU=1",
					"JucePlugin_Build_AUv3=0",
					"JucePlugin_Build_RTAS=0",
					"JucePlugin_Build_AAX=0",
					"JucePlugin_Build_Standalone=0",
					"JucePlugin_Build_Unity=0",
					"JucePlugin_Enable_IAA=0",
					"JucePlugin_Name=\\\"OscTests\\\"",
					"JucePlugin_Desc=\\\"OscTests\\\"",
					"JucePlugin_Manufacturer=\\\"yourcompany\\\"",
					"JucePlugin_ManufacturerWebsite=\\\"\\\"",
					"JucePlugin_ManufacturerEmail=\\\"\\\"",
					"JucePlugin_ManufacturerCode=0x4d616e75",
					"JucePlugin_PluginCode=0x59733961",
					"JucePlugin_IsSynth=0",
					"JucePlugin_WantsMidiInput=0",
					"JucePlugin_ProducesMidiOutput=0",
					"JucePlugin_IsMidiEffect=0",
					"JucePlugin_EditorRequiresKeyboardFocus=0",
					"JucePlugin_Version=1.0.0",
					"JucePlugin_VersionCode=0x10000",
					"JucePlugin_VersionString=\\\"1.0.0\\\"",
					"JucePlugin_VSTUniqueID=JucePlugin_PluginCode",
					"JucePlugin_VSTCategory=kPlugCategEffect",
					"JucePlugin_Vst3Category=\\\"Fx\\\"",
					"JucePlugin_AUMainType='aufx'",
					"JucePlugin_AUSubType=JucePlugin_PluginCode",
					"JucePlugin_AUExportPrefix=OscTestsAU",
					"JucePlugin_AUExportPrefixQuoted=\\\"OscTestsAU\\\"",
					"JucePlugin_AUManufacturerCode=JucePlugin_ManufacturerCode",
					"JucePlugin_CFBundleIdentifier=com.yourcompany.OscTests",
					"JucePlugin_RTASCategory=0",
					"JucePlugin_RTASManufacturerCode=JucePlugin_ManufacturerCode",
					"JucePlugin_RTASProductId=JucePlugin_PluginCode",
					"JucePlugin_RTASDisableBypass=0",
					"JucePlugin_RTASDisableMultiMono=0",
					"JucePlugin_AAXIdentifier=com.yourcompany.OscTests",
					"JucePlugin_AAXManufacturerCode=JucePlugin_ManufacturerCode",
					"JucePlugin_AAXProductId=JucePlugin_PluginCode",
					"JucePlugin_AAXCategory=0",
					"JucePlugin_AAXDisableBypass=0",
					"JucePlugin_AAXDisableMultiMono=0",
					"JucePlugin_IAAType=0x61757278",
					"JucePlugin_IAASubType=JucePlugin_PluginCode",
					"JucePlugin_IAAName=\\\"yourcompany:\\ OscTests\\\"",
					"JucePlugin_VSTNumMidiInputs=16",
					"JucePlugin_VSTNumMidiOutputs=16",
					"JUCE_STANDALONE_APPLICATION=JucePlugin_Build_Standalone",
					"JUCER_XCODE_MAC_F6D2F4CF=1",
					"JUCE_APP_VERSION=1.0.0",
					"JUCE_APP_VERSION_HEX=0x10000",
				);
				GCC_VERSION = com.apple.compilers.llvm.clang.1_0;
				GENERATE_PKGINFO_FILE = YES;
				HEADER_SEARCH_PATHS = (
					"\"/Users/kasperi/Dropbox/My Mac (Kasperis-MacBook-Pro.local)/Documents/CODE/JUCE/modules/juce_audio_processors/format_types/VST3_SDK\"",
					"$(SRCROOT)/../../JuceLibraryCode",
					"\"/Users/kasperi/Dropbox/My Mac (Kasperis-MacBook-Pro.local)/Documents/CODE/JUCE/modules\"",
					"\"/Users/kasperi/Dropbox/My Mac (Kasperis-MacBook-Pro.local)/Documents/CODE/JUCE/modules/juce_audio_plugin_client\"",
					"$(inherited)",
				);
				INFOPLIST_FILE = Info-AU.plist;
				INFOPLIST_PREPROCESS = NO;
				INSTALL_PATH = "$(HOME)/Library/Audio/Plug-Ins/Components/";
				LIBRARY_STYLE = Bundle;
				LLVM_LTO = YES;
				MACOSX_DEPLOYMENT_TARGET = 10.11;
				MTL_HEADER_SEARCH_PATHS = (
					"\"/Users/kasperi/Dropbox/My Mac (Kasperis-MacBook-Pro.local)/Documents/CODE/JUCE/modules/juce_audio_processors/format_types/VST3_SDK\"",
					"$(SRCROOT)/../../JuceLibraryCode",
					"\"/Users/kasperi/Dropbox/My Mac (Kasperis-MacBook-Pro.local)/Documents/CODE/JUCE/modules\"",
					"\"/Users/kasperi/Dropbox/My Mac (Kasperis-MacBook-Pro.local)/Documents/CODE/JUCE/modules/juce_audio_plugin_client\"",
				);
				OTHER_LDFLAGS = "-bundle -lOscTests";
				OTHER_REZFLAGS = "-d ppc_$ppc -d i386_$i386 -d ppc64_$ppc64 -d x86_64_$x86_64 -I /System/Library/Frameworks/CoreServices.framework/Frameworks/CarbonCore.framework/Versions/A/Headers -I \"$(DEVELOPER_DIR)/Extras/CoreAudio/AudioUnits/AUPublic/AUBase\" -I \"$(DEVELOPER_DIR)/Platforms/MacOSX.platform/Developer/SDKs/MacOSX.sdk/System/Library/Frameworks/AudioUnit.framework/Headers\"";
				PRODUCT_BUNDLE_IDENTIFIER = com.yourcompany.OscTests;
				PRODUCT_NAME = "OscTests";
				USE_HEADERMAP = NO;
				VALID_ARCHS = "i386 x86_64 arm64 arm64e";
				WRAPPER_EXTENSION = component;
			};
			name = Release;
		};
		9F2EABD84C9C530EFAF2331D = {
			isa = XCBuildConfiguration;
			buildSettings = {
				CLANG_CXX_LANGUAGE_STANDARD = "c++14";
				CLANG_CXX_LIBRARY = "libc++";
				CLANG_LINK_OBJC_RUNTIME = NO;
				CODE_SIGN_IDENTITY = "";
				COMBINE_HIDPI_IMAGES = YES;
				CONFIGURATION_BUILD_DIR = "$(PROJECT_DIR)/build/$(CONFIGURATION)";
				COPY_PHASE_STRIP = NO;
				GCC_DYNAMIC_NO_PIC = NO;
				GCC_OPTIMIZATION_LEVEL = 0;
				GCC_PREPROCESSOR_DEFINITIONS = (
					"_DEBUG=1",
					"DEBUG=1",
					"JUCE_DISPLAY_SPLASH_SCREEN=1",
					"JUCE_USE_DARK_SPLASH_SCREEN=1",
					"JUCE_PROJUCER_VERSION=0x60007",
					"JUCE_MODULE_AVAILABLE_juce_audio_basics=1",
					"JUCE_MODULE_AVAILABLE_juce_audio_devices=1",
					"JUCE_MODULE_AVAILABLE_juce_audio_formats=1",
					"JUCE_MODULE_AVAILABLE_juce_audio_plugin_client=1",
					"JUCE_MODULE_AVAILABLE_juce_audio_processors=1",
					"JUCE_MODULE_AVAILABLE_juce_audio_utils=1",
					"JUCE_MODULE_AVAILABLE_juce_core=1",
					"JUCE_MODULE_AVAILABLE_juce_data_structures=1",
					"JUCE_MODULE_AVAILABLE_juce_dsp=1",
					"JUCE_MODULE_AVAILABLE_juce_events=1",
					"JUCE_MODULE_AVAILABLE_juce_graphics=1",
					"JUCE_MODULE_AVAILABLE_juce_gui_basics=1",
					"JUCE_MODULE_AVAILABLE_juce_gui_extra=1",
					"JUCE_GLOBAL_MODULE_SETTINGS_INCLUDED=1",
					"JUCE_VST3_CAN_REPLACE_VST2=0",
					"JUCE_STRICT_REFCOUNTEDPOINTER=1",
					"JucePlugin_Build_VST=0",
					"JucePlugin_Build_VST3=0",
					"JucePlugin_Build_AU=0",
					"JucePlugin_Build_AUv3=0",
					"JucePlugin_Build_RTAS=0",
					"JucePlugin_Build_AAX=0",
					"JucePlugin_Build_Standalone=1",
					"JucePlugin_Build_Unity=0",
					"JucePlugin_Enable_IAA=0",
					"JucePlugin_Name=\\\"OscTests\\\"",
					"JucePlugin_Desc=\\\"OscTests\\\"",
					"JucePlugin_Manufacturer=\\\"yourcompany\\\"",
					"JucePlugin_ManufacturerWebsite=\\\"\\\"",
					"JucePlugin_ManufacturerEmail=\\\"\\\"",
					"JucePlugin_ManufacturerCode=0x4d616e75",
					"JucePlugin_PluginCode=0x59733961",
					"JucePlugin_IsSynth=0",
					"JucePlugin_WantsMidiInput=0",
					"JucePlugin_ProducesMidiOutput=0",
					"JucePlugin_IsMidiEffect=0",
					"JucePlugin_EditorRequiresKeyboardFocus=0",
					"JucePlugin_Version=1.0.0",
					"JucePlugin_VersionCode=0x10000",
					"JucePlugin_VersionString=\\\"1.0.0\\\"",
					"JucePlugin_VSTUniqueID=JucePlugin_PluginCode",
					"JucePlugin_VSTCategory=kPlugCategEffect",
					"JucePlugin_Vst3Category=\\\"Fx\\\"",
					"JucePlugin_AUMainType='aufx'",
					"JucePlugin_AUSubType=JucePlugin_PluginCode",
					"JucePlugin_AUExportPrefix=OscTestsAU",
					"JucePlugin_AUExportPrefixQuoted=\\\"OscTestsAU\\\"",
					"JucePlugin_AUManufacturerCode=JucePlugin_ManufacturerCode",
					"JucePlugin_CFBundleIdentifier=com.yourcompany.OscTests",
					"JucePlugin_RTASCategory=0",
					"JucePlugin_RTASManufacturerCode=JucePlugin_ManufacturerCode",
					"JucePlugin_RTASProductId=JucePlugin_PluginCode",
					"JucePlugin_RTASDisableBypass=0",
					"JucePlugin_RTASDisableMultiMono=0",
					"JucePlugin_AAXIdentifier=com.yourcompany.OscTests",
					"JucePlugin_AAXManufacturerCode=JucePlugin_ManufacturerCode",
					"JucePlugin_AAXProductId=JucePlugin_PluginCode",
					"JucePlugin_AAXCategory=0",
					"JucePlugin_AAXDisableBypass=0",
					"JucePlugin_AAXDisableMultiMono=0",
					"JucePlugin_IAAType=0x61757278",
					"JucePlugin_IAASubType=JucePlugin_PluginCode",
					"JucePlugin_IAAName=\\\"yourcompany:\\ OscTests\\\"",
					"JucePlugin_VSTNumMidiInputs=16",
					"JucePlugin_VSTNumMidiOutputs=16",
					"JUCE_STANDALONE_APPLICATION=JucePlugin_Build_Standalone",
					"JUCER_XCODE_MAC_F6D2F4CF=1",
					"JUCE_APP_VERSION=1.0.0",
					"JUCE_APP_VERSION_HEX=0x10000",
				);
				GCC_VERSION = com.apple.compilers.llvm.clang.1_0;
				HEADER_SEARCH_PATHS = (
					"\"/Users/kasperi/Dropbox/My Mac (Kasperis-MacBook-Pro.local)/Documents/CODE/JUCE/modules/juce_audio_processors/format_types/VST3_SDK\"",
					"$(SRCROOT)/../../JuceLibraryCode",
					"\"/Users/kasperi/Dropbox/My Mac (Kasperis-MacBook-Pro.local)/Documents/CODE/JUCE/modules\"",
					"\"/Users/kasperi/Dropbox/My Mac (Kasperis-MacBook-Pro.local)/Documents/CODE/JUCE/modules/juce_audio_plugin_client\"",
					"$(inherited)",
				);
				INFOPLIST_FILE = Info-Standalone_Plugin.plist;
				INFOPLIST_PREPROCESS = NO;
				MACOSX_DEPLOYMENT_TARGET = 10.11;
				MTL_HEADER_SEARCH_PATHS = (
					"\"/Users/kasperi/Dropbox/My Mac (Kasperis-MacBook-Pro.local)/Documents/CODE/JUCE/modules/juce_audio_processors/format_types/VST3_SDK\"",
					"$(SRCROOT)/../../JuceLibraryCode",
					"\"/Users/kasperi/Dropbox/My Mac (Kasperis-MacBook-Pro.local)/Documents/CODE/JUCE/modules\"",
					"\"/Users/kasperi/Dropbox/My Mac (Kasperis-MacBook-Pro.local)/Documents/CODE/JUCE/modules/juce_audio_plugin_client\"",
				);
				OTHER_LDFLAGS = "-lOscTests";
				PRODUCT_BUNDLE_IDENTIFIER = com.yourcompany.OscTests;
				PRODUCT_NAME = "OscTests";
				USE_HEADERMAP = NO;
				VALID_ARCHS = "i386 x86_64 arm64 arm64e";
			};
			name = Debug;
		};
		8FD0D7598991E9224FA4230B = {
			isa = XCBuildConfiguration;
			buildSettings = {
				CLANG_CXX_LANGUAGE_STANDARD = "c++14";
				CLANG_CXX_LIBRARY = "libc++";
				CLANG_LINK_OBJC_RUNTIME = NO;
				CODE_SIGN_IDENTITY = "";
				COMBINE_HIDPI_IMAGES = YES;
				CONFIGURATION_BUILD_DIR = "$(PROJECT_DIR)/build/$(CONFIGURATION)";
				DEAD_CODE_STRIPPING = YES;
				GCC_GENERATE_DEBUGGING_SYMBOLS = NO;
				GCC_OPTIMIZATION_LEVEL = 3;
				GCC_PREPROCESSOR_DEFINITIONS = (
					"_NDEBUG=1",
					"NDEBUG=1",
					"JUCE_DISPLAY_SPLASH_SCREEN=1",
					"JUCE_USE_DARK_SPLASH_SCREEN=1",
					"JUCE_PROJUCER_VERSION=0x60007",
					"JUCE_MODULE_AVAILABLE_juce_audio_basics=1",
					"JUCE_MODULE_AVAILABLE_juce_audio_devices=1",
					"JUCE_MODULE_AVAILABLE_juce_audio_formats=1",
					"JUCE_MODULE_AVAILABLE_juce_audio_plugin_client=1",
					"JUCE_MODULE_AVAILABLE_juce_audio_processors=1",
					"JUCE_MODULE_AVAILABLE_juce_audio_utils=1",
					"JUCE_MODULE_AVAILABLE_juce_core=1",
					"JUCE_MODULE_AVAILABLE_juce_data_structures=1",
					"JUCE_MODULE_AVAILABLE_juce_dsp=1",
					"JUCE_MODULE_AVAILABLE_juce_events=1",
					"JUCE_MODULE_AVAILABLE_juce_graphics=1",
					"JUCE_MODULE_AVAILABLE_juce_gui_basics=1",
					"JUCE_MODULE_AVAILABLE_juce_gui_extra=1",
					"JUCE_GLOBAL_MODULE_SETTINGS_INCLUDED=1",
					"JUCE_VST3_CAN_REPLACE_VST2=0",
					"JUCE_STRICT_REFCOUNTEDPOINTER=1",
					"JucePlugin_Build_VST=0",
					"JucePlugin_Build_VST3=0",
					"JucePlugin_Build_AU=0",
					"JucePlugin_Build_AUv3=0",
					"JucePlugin_Build_RTAS=0",
					"JucePlugin_Build_AAX=0",
					"JucePlugin_Build_Standalone=1",
					"JucePlugin_Build_Unity=0",
					"JucePlugin_Enable_IAA=0",
					"JucePlugin_Name=\\\"OscTests\\\"",
					"JucePlugin_Desc=\\\"OscTests\\\"",
					"JucePlugin_Manufacturer=\\\"yourcompany\\\"",
					"JucePlugin_ManufacturerWebsite=\\\"\\\"",
					"JucePlugin_ManufacturerEmail=\\\"\\\"",
					"JucePlugin_ManufacturerCode=0x4d616e75",
					"JucePlugin_PluginCode=0x59733961",
					"JucePlugin_IsSynth=0",
					"JucePlugin_WantsMidiInput=0",
					"JucePlugin_ProducesMidiOutput=0",
					"JucePlugin_IsMidiEffect=0",
					"JucePlugin_EditorRequiresKeyboardFocus=0",
					"JucePlugin_Version=1.0.0",
					"JucePlugin_VersionCode=0x10000",
					"JucePlugin_VersionString=\\\"1.0.0\\\"",
					"JucePlugin_VSTUniqueID=JucePlugin_PluginCode",
					"JucePlugin_VSTCategory=kPlugCategEffect",
					"JucePlugin_Vst3Category=\\\"Fx\\\"",
					"JucePlugin_AUMainType='aufx'",
					"JucePlugin_AUSubType=JucePlugin_PluginCode",
					"JucePlugin_AUExportPrefix=OscTestsAU",
					"JucePlugin_AUExportPrefixQuoted=\\\"OscTestsAU\\\"",
					"JucePlugin_AUManufacturerCode=JucePlugin_ManufacturerCode",
					"JucePlugin_CFBundleIdentifier=com.yourcompany.OscTests",
					"JucePlugin_RTASCategory=0",
					"JucePlugin_RTASManufacturerCode=JucePlugin_ManufacturerCode",
					"JucePlugin_RTASProductId=JucePlugin_PluginCode",
					"JucePlugin_RTASDisableBypass=0",
					"JucePlugin_RTASDisableMultiMono=0",
					"JucePlugin_AAXIdentifier=com.yourcompany.OscTests",
					"JucePlugin_AAXManufacturerCode=JucePlugin_ManufacturerCode",
					"JucePlugin_AAXProductId=JucePlugin_PluginCode",
					"JucePlugin_AAXCategory=0",
					"JucePlugin_AAXDisableBypass=0",
					"JucePlugin_AAXDisableMultiMono=0",
					"JucePlugin_IAAType=0x61757278",
					"JucePlugin_IAASubType=JucePlugin_PluginCode",
					"JucePlugin_IAAName=\\\"yourcompany:\\ OscTests\\\"",
					"JucePlugin_VSTNumMidiInputs=16",
					"JucePlugin_VSTNumMidiOutputs=16",
					"JUCE_STANDALONE_APPLICATION=JucePlugin_Build_Standalone",
					"JUCER_XCODE_MAC_F6D2F4CF=1",
					"JUCE_APP_VERSION=1.0.0",
					"JUCE_APP_VERSION_HEX=0x10000",
				);
				GCC_VERSION = com.apple.compilers.llvm.clang.1_0;
				HEADER_SEARCH_PATHS = (
					"\"/Users/kasperi/Dropbox/My Mac (Kasperis-MacBook-Pro.local)/Documents/CODE/JUCE/modules/juce_audio_processors/format_types/VST3_SDK\"",
					"$(SRCROOT)/../../JuceLibraryCode",
					"\"/Users/kasperi/Dropbox/My Mac (Kasperis-MacBook-Pro.local)/Documents/CODE/JUCE/modules\"",
					"\"/Users/kasperi/Dropbox/My Mac (Kasperis-MacBook-Pro.local)/Documents/CODE/JUCE/modules/juce_audio_plugin_client\"",
					"$(inherited)",
				);
				INFOPLIST_FILE = Info-Standalone_Plugin.plist;
				INFOPLIST_PREPROCESS = NO;
				LLVM_LTO = YES;
				MACOSX_DEPLOYMENT_TARGET = 10.11;
				MTL_HEADER_SEARCH_PATHS = (
					"\"/Users/kasperi/Dropbox/My Mac (Kasperis-MacBook-Pro.local)/Documents/CODE/JUCE/modules/juce_audio_processors/format_types/VST3_SDK\"",
					"$(SRCROOT)/../../JuceLibraryCode",
					"\"/Users/kasperi/Dropbox/My Mac (Kasperis-MacBook-Pro.local)/Documents/CODE/JUCE/modules\"",
					"\"/Users/kasperi/Dropbox/My Mac (Kasperis-MacBook-Pro.local)/Documents/CODE/JUCE/modules/juce_audio_plugin_client\"",
				);
				OTHER_LDFLAGS = "-lOscTests";
				PRODUCT_BUNDLE_IDENTIFIER = com.yourcompany.OscTests;
				PRODUCT_NAME = "OscTests";
				USE_HEADERMAP = NO;
				VALID_ARCHS = "i386 x86_64 arm64 arm64e";
			};
			name = Release;
		};
		6F86C7ABACBD07AD4FA173FD = {
			isa = XCBuildConfiguration;
			buildSettings = {
				CLANG_CXX_LANGUAGE_STANDARD = "c++14";
				CLANG_CXX_LIBRARY = "libc++";
				CLANG_LINK_OBJC_RUNTIME = NO;
				CODE_SIGN_IDENTITY = "";
				COMBINE_HIDPI_IMAGES = YES;
				CONFIGURATION_BUILD_DIR = "$(PROJECT_DIR)/build/$(CONFIGURATION)";
				COPY_PHASE_STRIP = NO;
				GCC_DYNAMIC_NO_PIC = NO;
				GCC_OPTIMIZATION_LEVEL = 0;
				GCC_PREPROCESSOR_DEFINITIONS = (
					"_DEBUG=1",
					"DEBUG=1",
					"JUCE_DISPLAY_SPLASH_SCREEN=1",
					"JUCE_USE_DARK_SPLASH_SCREEN=1",
					"JUCE_PROJUCER_VERSION=0x60007",
					"JUCE_MODULE_AVAILABLE_juce_audio_basics=1",
					"JUCE_MODULE_AVAILABLE_juce_audio_devices=1",
					"JUCE_MODULE_AVAILABLE_juce_audio_formats=1",
					"JUCE_MODULE_AVAILABLE_juce_audio_plugin_client=1",
					"JUCE_MODULE_AVAILABLE_juce_audio_processors=1",
					"JUCE_MODULE_AVAILABLE_juce_audio_utils=1",
					"JUCE_MODULE_AVAILABLE_juce_core=1",
					"JUCE_MODULE_AVAILABLE_juce_data_structures=1",
					"JUCE_MODULE_AVAILABLE_juce_dsp=1",
					"JUCE_MODULE_AVAILABLE_juce_events=1",
					"JUCE_MODULE_AVAILABLE_juce_graphics=1",
					"JUCE_MODULE_AVAILABLE_juce_gui_basics=1",
					"JUCE_MODULE_AVAILABLE_juce_gui_extra=1",
					"JUCE_GLOBAL_MODULE_SETTINGS_INCLUDED=1",
					"JUCE_VST3_CAN_REPLACE_VST2=0",
					"JUCE_STRICT_REFCOUNTEDPOINTER=1",
					"JucePlugin_Build_VST=0",
					"JucePlugin_Build_VST3=1",
					"JucePlugin_Build_AU=1",
					"JucePlugin_Build_AUv3=0",
					"JucePlugin_Build_RTAS=0",
					"JucePlugin_Build_AAX=0",
					"JucePlugin_Build_Standalone=1",
					"JucePlugin_Build_Unity=0",
					"JucePlugin_Enable_IAA=0",
					"JucePlugin_Name=\\\"OscTests\\\"",
					"JucePlugin_Desc=\\\"OscTests\\\"",
					"JucePlugin_Manufacturer=\\\"yourcompany\\\"",
					"JucePlugin_ManufacturerWebsite=\\\"\\\"",
					"JucePlugin_ManufacturerEmail=\\\"\\\"",
					"JucePlugin_ManufacturerCode=0x4d616e75",
					"JucePlugin_PluginCode=0x59733961",
					"JucePlugin_IsSynth=0",
					"JucePlugin_WantsMidiInput=0",
					"JucePlugin_ProducesMidiOutput=0",
					"JucePlugin_IsMidiEffect=0",
					"JucePlugin_EditorRequiresKeyboardFocus=0",
					"JucePlugin_Version=1.0.0",
					"JucePlugin_VersionCode=0x10000",
					"JucePlugin_VersionString=\\\"1.0.0\\\"",
					"JucePlugin_VSTUniqueID=JucePlugin_PluginCode",
					"JucePlugin_VSTCategory=kPlugCategEffect",
					"JucePlugin_Vst3Category=\\\"Fx\\\"",
					"JucePlugin_AUMainType='aufx'",
					"JucePlugin_AUSubType=JucePlugin_PluginCode",
					"JucePlugin_AUExportPrefix=OscTestsAU",
					"JucePlugin_AUExportPrefixQuoted=\\\"OscTestsAU\\\"",
					"JucePlugin_AUManufacturerCode=JucePlugin_ManufacturerCode",
					"JucePlugin_CFBundleIdentifier=com.yourcompany.OscTests",
					"JucePlugin_RTASCategory=0",
					"JucePlugin_RTASManufacturerCode=JucePlugin_ManufacturerCode",
					"JucePlugin_RTASProductId=JucePlugin_PluginCode",
					"JucePlugin_RTASDisableBypass=0",
					"JucePlugin_RTASDisableMultiMono=0",
					"JucePlugin_AAXIdentifier=com.yourcompany.OscTests",
					"JucePlugin_AAXManufacturerCode=JucePlugin_ManufacturerCode",
					"JucePlugin_AAXProductId=JucePlugin_PluginCode",
					"JucePlugin_AAXCategory=0",
					"JucePlugin_AAXDisableBypass=0",
					"JucePlugin_AAXDisableMultiMono=0",
					"JucePlugin_IAAType=0x61757278",
					"JucePlugin_IAASubType=JucePlugin_PluginCode",
					"JucePlugin_IAAName=\\\"yourcompany:\\ OscTests\\\"",
					"JucePlugin_VSTNumMidiInputs=16",
					"JucePlugin_VSTNumMidiOutputs=16",
					"JUCE_STANDALONE_APPLICATION=JucePlugin_Build_Standalone",
					"JUCER_XCODE_MAC_F6D2F4CF=1",
					"JUCE_APP_VERSION=1.0.0",
					"JUCE_APP_VERSION_HEX=0x10000",
					"JUCE_SHARED_CODE=1",
				);
				GCC_VERSION = com.apple.compilers.llvm.clang.1_0;
				HEADER_SEARCH_PATHS = (
					"\"/Users/kasperi/Dropbox/My Mac (Kasperis-MacBook-Pro.local)/Documents/CODE/JUCE/modules/juce_audio_processors/format_types/VST3_SDK\"",
					"$(SRCROOT)/../../JuceLibraryCode",
					"\"/Users/kasperi/Dropbox/My Mac (Kasperis-MacBook-Pro.local)/Documents/CODE/JUCE/modules\"",
					"\"/Users/kasperi/Dropbox/My Mac (Kasperis-MacBook-Pro.local)/Documents/CODE/JUCE/modules/juce_audio_plugin_client\"",
					"$(inherited)",
				);
				INSTALL_PATH = "@executable_path/../Frameworks";
				MACOSX_DEPLOYMENT_TARGET = 10.11;
				MTL_HEADER_SEARCH_PATHS = (
					"\"/Users/kasperi/Dropbox/My Mac (Kasperis-MacBook-Pro.local)/Documents/CODE/JUCE/modules/juce_audio_processors/format_types/VST3_SDK\"",
					"$(SRCROOT)/../../JuceLibraryCode",
					"\"/Users/kasperi/Dropbox/My Mac (Kasperis-MacBook-Pro.local)/Documents/CODE/JUCE/modules\"",
					"\"/Users/kasperi/Dropbox/My Mac (Kasperis-MacBook-Pro.local)/Documents/CODE/JUCE/modules/juce_audio_plugin_client\"",
				);
				PRODUCT_BUNDLE_IDENTIFIER = com.yourcompany.OscTests;
				PRODUCT_NAME = "OscTests";
				SKIP_INSTALL = YES;
				USE_HEADERMAP = NO;
				VALID_ARCHS = "i386 x86_64 arm64 arm64e";
			};
			name = Debug;
		};
		42719E520E3B7404E69B0783 = {
			isa = XCBuildConfiguration;
			buildSettings = {
				CLANG_CXX_LANGUAGE_STANDARD = "c++14";
				CLANG_CXX_LIBRARY = "libc++";
				CLANG_LINK_OBJC_RUNTIME = NO;
				CODE_SIGN_IDENTITY = "";
				COMBINE_HIDPI_IMAGES = YES;
				CONFIGURATION_BUILD_DIR = "$(PROJECT_DIR)/build/$(CONFIGURATION)";
				DEAD_CODE_STRIPPING = YES;
				GCC_GENERATE_DEBUGGING_SYMBOLS = NO;
				GCC_OPTIMIZATION_LEVEL = 3;
				GCC_PREPROCESSOR_DEFINITIONS = (
					"_NDEBUG=1",
					"NDEBUG=1",
					"JUCE_DISPLAY_SPLASH_SCREEN=1",
					"JUCE_USE_DARK_SPLASH_SCREEN=1",
					"JUCE_PROJUCER_VERSION=0x60007",
					"JUCE_MODULE_AVAILABLE_juce_audio_basics=1",
					"JUCE_MODULE_AVAILABLE_juce_audio_devices=1",
					"JUCE_MODULE_AVAILABLE_juce_audio_formats=1",
					"JUCE_MODULE_AVAILABLE_juce_audio_plugin_client=1",
					"JUCE_MODULE_AVAILABLE_juce_audio_processors=1",
					"JUCE_MODULE_AVAILABLE_juce_audio_utils=1",
					"JUCE_MODULE_AVAILABLE_juce_core=1",
					"JUCE_MODULE_AVAILABLE_juce_data_structures=1",
					"JUCE_MODULE_AVAILABLE_juce_dsp=1",
					"JUCE_MODULE_AVAILABLE_juce_events=1",
					"JUCE_MODULE_AVAILABLE_juce_graphics=1",
					"JUCE_MODULE_AVAILABLE_juce_gui_basics=1",
					"JUCE_MODULE_AVAILABLE_juce_gui_extra=1",
					"JUCE_GLOBAL_MODULE_SETTINGS_INCLUDED=1",
					"JUCE_VST3_CAN_REPLACE_VST2=0",
					"JUCE_STRICT_REFCOUNTEDPOINTER=1",
					"JucePlugin_Build_VST=0",
					"JucePlugin_Build_VST3=1",
					"JucePlugin_Build_AU=1",
					"JucePlugin_Build_AUv3=0",
					"JucePlugin_Build_RTAS=0",
					"JucePlugin_Build_AAX=0",
					"JucePlugin_Build_Standalone=1",
					"JucePlugin_Build_Unity=0",
					"JucePlugin_Enable_IAA=0",
					"JucePlugin_Name=\\\"OscTests\\\"",
					"JucePlugin_Desc=\\\"OscTests\\\"",
					"JucePlugin_Manufacturer=\\\"yourcompany\\\"",
					"JucePlugin_ManufacturerWebsite=\\\"\\\"",
					"JucePlugin_ManufacturerEmail=\\\"\\\"",
					"JucePlugin_ManufacturerCode=0x4d616e75",
					"JucePlugin_PluginCode=0x59733961",
					"JucePlugin_IsSynth=0",
					"JucePlugin_WantsMidiInput=0",
					"JucePlugin_ProducesMidiOutput=0",
					"JucePlugin_IsMidiEffect=0",
					"JucePlugin_EditorRequiresKeyboardFocus=0",
					"JucePlugin_Version=1.0.0",
					"JucePlugin_VersionCode=0x10000",
					"JucePlugin_VersionString=\\\"1.0.0\\\"",
					"JucePlugin_VSTUniqueID=JucePlugin_PluginCode",
					"JucePlugin_VSTCategory=kPlugCategEffect",
					"JucePlugin_Vst3Category=\\\"Fx\\\"",
					"JucePlugin_AUMainType='aufx'",
					"JucePlugin_AUSubType=JucePlugin_PluginCode",
					"JucePlugin_AUExportPrefix=OscTestsAU",
					"JucePlugin_AUExportPrefixQuoted=\\\"OscTestsAU\\\"",
					"JucePlugin_AUManufacturerCode=JucePlugin_ManufacturerCode",
					"JucePlugin_CFBundleIdentifier=com.yourcompany.OscTests",
					"JucePlugin_RTASCategory=0",
					"JucePlugin_RTASManufacturerCode=JucePlugin_ManufacturerCode",
					"JucePlugin_RTASProductId=JucePlugin_PluginCode",
					"JucePlugin_RTASDisableBypass=0",
					"JucePlugin_RTASDisableMultiMono=0",
					"JucePlugin_AAXIdentifier=com.yourcompany.OscTests",
					"JucePlugin_AAXManufacturerCode=JucePlugin_ManufacturerCode",
					"JucePlugin_AAXProductId=JucePlugin_PluginCode",
					"JucePlugin_AAXCategory=0",
					"JucePlugin_AAXDisableBypass=0",
					"JucePlugin_AAXDisableMultiMono=0",
					"JucePlugin_IAAType=0x61757278",
					"JucePlugin_IAASubType=JucePlugin_PluginCode",
					"JucePlugin_IAAName=\\\"yourcompany:\\ OscTests\\\"",
					"JucePlugin_VSTNumMidiInputs=16",
					"JucePlugin_VSTNumMidiOutputs=16",
					"JUCE_STANDALONE_APPLICATION=JucePlugin_Build_Standalone",
					"JUCER_XCODE_MAC_F6D2F4CF=1",
					"JUCE_APP_VERSION=1.0.0",
					"JUCE_APP_VERSION_HEX=0x10000",
					"JUCE_SHARED_CODE=1",
				);
				GCC_VERSION = com.apple.compilers.llvm.clang.1_0;
				HEADER_SEARCH_PATHS = (
					"\"/Users/kasperi/Dropbox/My Mac (Kasperis-MacBook-Pro.local)/Documents/CODE/JUCE/modules/juce_audio_processors/format_types/VST3_SDK\"",
					"$(SRCROOT)/../../JuceLibraryCode",
					"\"/Users/kasperi/Dropbox/My Mac (Kasperis-MacBook-Pro.local)/Documents/CODE/JUCE/modules\"",
					"\"/Users/kasperi/Dropbox/My Mac (Kasperis-MacBook-Pro.local)/Documents/CODE/JUCE/modules/juce_audio_plugin_client\"",
					"$(inherited)",
				);
				INSTALL_PATH = "@executable_path/../Frameworks";
				LLVM_LTO = YES;
				MACOSX_DEPLOYMENT_TARGET = 10.11;
				MTL_HEADER_SEARCH_PATHS = (
					"\"/Users/kasperi/Dropbox/My Mac (Kasperis-MacBook-Pro.local)/Documents/CODE/JUCE/modules/juce_audio_processors/format_types/VST3_SDK\"",
					"$(SRCROOT)/../../JuceLibraryCode",
					"\"/Users/kasperi/Dropbox/My Mac (Kasperis-MacBook-Pro.local)/Documents/CODE/JUCE/modules\"",
					"\"/Users/kasperi/Dropbox/My Mac (Kasperis-MacBook-Pro.local)/Documents/CODE/JUCE/modules/juce_audio_plugin_client\"",
				);
				PRODUCT_BUNDLE_IDENTIFIER = com.yourcompany.OscTests;
				PRODUCT_NAME = "OscTests";
				SKIP_INSTALL = YES;
				USE_HEADERMAP = NO;
				VALID_ARCHS = "i386 x86_64 arm64 arm64e";
			};
			name = Release;
		};
		5EA8237445517DFF4272F309 = {
			isa = XCBuildConfiguration;
			buildSettings = {
				ALWAYS_SEARCH_USER_PATHS = NO;
				CLANG_ENABLE_OBJC_WEAK = YES;
				CLANG_WARN_BLOCK_CAPTURE_AUTORELEASING = YES;
				CLANG_WARN_BOOL_CONVERSION = YES;
				CLANG_WARN_COMMA = YES;
				CLANG_WARN_CONSTANT_CONVERSION = YES;
				CLANG_WARN_DEPRECATED_OBJC_IMPLEMENTATIONS = YES;
				CLANG_WARN_EMPTY_BODY = YES;
				CLANG_WARN_ENUM_CONVERSION = YES;
				CLANG_WARN_INFINITE_RECURSION = YES;
				CLANG_WARN_INT_CONVERSION = YES;
				CLANG_WARN_NON_LITERAL_NULL_CONVERSION = YES;
				CLANG_WARN_OBJC_IMPLICIT_RETAIN_SELF = YES;
				CLANG_WARN_OBJC_LITERAL_CONVERSION = YES;
				CLANG_WARN_RANGE_LOOP_ANALYSIS = YES;
				CLANG_WARN_STRICT_PROTOTYPES = YES;
				CLANG_WARN_SUSPICIOUS_MOVE = YES;
				CLANG_WARN_UNREACHABLE_CODE = YES;
				CLANG_WARN__DUPLICATE_METHOD_MATCH = YES;
				CODE_SIGN_IDENTITY = "";
				DEBUG_INFORMATION_FORMAT = dwarf;
				ENABLE_STRICT_OBJC_MSGSEND = YES;
				ENABLE_TESTABILITY = NO;
				GCC_C_LANGUAGE_STANDARD = c11;
				GCC_INLINES_ARE_PRIVATE_EXTERN = YES;
				GCC_MODEL_TUNING = G5;
				GCC_NO_COMMON_BLOCKS = YES;
				GCC_SYMBOLS_PRIVATE_EXTERN = YES;
				GCC_WARN_64_TO_32_BIT_CONVERSION = YES;
				GCC_WARN_ABOUT_RETURN_TYPE = YES;
				GCC_WARN_CHECK_SWITCH_STATEMENTS = YES;
				GCC_WARN_MISSING_PARENTHESES = YES;
				GCC_WARN_NON_VIRTUAL_DESTRUCTOR = YES;
				GCC_WARN_TYPECHECK_CALLS_TO_PRINTF = YES;
				GCC_WARN_UNDECLARED_SELECTOR = YES;
				GCC_WARN_UNINITIALIZED_AUTOS = YES;
				GCC_WARN_UNUSED_FUNCTION = YES;
				GCC_WARN_UNUSED_VARIABLE = YES;
				ONLY_ACTIVE_ARCH = YES;
				PRODUCT_NAME = "OscTests";
				SDKROOT = macosx;
				WARNING_CFLAGS = "-Wreorder";
				ZERO_LINK = NO;
			};
			name = Debug;
		};
		941853D081788507719FF22D = {
			isa = XCBuildConfiguration;
			buildSettings = {
				ALWAYS_SEARCH_USER_PATHS = NO;
				CLANG_ENABLE_OBJC_WEAK = YES;
				CLANG_WARN_BLOCK_CAPTURE_AUTORELEASING = YES;
				CLANG_WARN_BOOL_CONVERSION = YES;
				CLANG_WARN_COMMA = YES;
				CLANG_WARN_CONSTANT_CONVERSION = YES;
				CLANG_WARN_DEPRECATED_OBJC_IMPLEMENTATIONS = YES;
				CLANG_WARN_EMPTY_BODY = YES;
				CLANG_WARN_ENUM_CONVERSION = YES;
				CLANG_WARN_INFINITE_RECURSION = YES;
				CLANG_WARN_INT_CONVERSION = YES;
				CLANG_WARN_NON_LITERAL_NULL_CONVERSION = YES;
				CLANG_WARN_OBJC_IMPLICIT_RETAIN_SELF = YES;
				CLANG_WARN_OBJC_LITERAL_CONVERSION = YES;
				CLANG_WARN_RANGE_LOOP_ANALYSIS = YES;
				CLANG_WARN_STRICT_PROTOTYPES = YES;
				CLANG_WARN_SUSPICIOUS_MOVE = YES;
				CLANG_WARN_UNREACHABLE_CODE = YES;
				CLANG_WARN__DUPLICATE_METHOD_MATCH = YES;
				CODE_SIGN_IDENTITY = "";
				DEBUG_INFORMATION_FORMAT = dwarf;
				ENABLE_STRICT_OBJC_MSGSEND = YES;
				ENABLE_TESTABILITY = NO;
				GCC_C_LANGUAGE_STANDARD = c11;
				GCC_INLINES_ARE_PRIVATE_EXTERN = YES;
				GCC_MODEL_TUNING = G5;
				GCC_NO_COMMON_BLOCKS = YES;
				GCC_SYMBOLS_PRIVATE_EXTERN = YES;
				GCC_WARN_64_TO_32_BIT_CONVERSION = YES;
				GCC_WARN_ABOUT_RETURN_TYPE = YES;
				GCC_WARN_CHECK_SWITCH_STATEMENTS = YES;
				GCC_WARN_MISSING_PARENTHESES = YES;
				GCC_WARN_NON_VIRTUAL_DESTRUCTOR = YES;
				GCC_WARN_TYPECHECK_CALLS_TO_PRINTF = YES;
				GCC_WARN_UNDECLARED_SELECTOR = YES;
				GCC_WARN_UNINITIALIZED_AUTOS = YES;
				GCC_WARN_UNUSED_FUNCTION = YES;
				GCC_WARN_UNUSED_VARIABLE = YES;
				PRODUCT_NAME = "OscTests";
				SDKROOT = macosx;
				WARNING_CFLAGS = "-Wreorder";
				ZERO_LINK = NO;
			};
			name = Release;
		};
		36CA237EE065DC174CFFB7A4 = {
			isa = XCConfigurationList;
			buildConfigurations = (
				5EA8237445517DFF4272F309,
				941853D081788507719FF22D,
			);
			defaultConfigurationIsVisible = 0;
			defaultConfigurationName = Debug;
		};
		663C5B173D2EE3DA1B26CD9A = {
			isa = XCConfigurationList;
			buildConfigurations = (
				18E6B7B141D58553E27BA22D,
				6D4A654A2891C6875F4C40C0,
			);
			defaultConfigurationIsVisible = 0;
			defaultConfigurationName = Debug;
		};
		656248363A4CE73E91207A00 = {
			isa = PBXAggregateTarget;
			buildConfigurationList = 663C5B173D2EE3DA1B26CD9A;
			buildPhases = ( );
			buildRules = ( );
			dependencies = (
				03AB124B4329A92081649DF7,
				884BC3E76B60B476654C98F6,
				6D3065CDCF51A7A750322FC8,
				F3369F9A0C9A9C7D72C4C283,
			);
			name = "OscTests - All";
			productName = OscTests;
		};
		FD57F8438A9A409B34B5479A = {
			isa = XCConfigurationList;
			buildConfigurations = (
				B1B38EDA480AFFDFEBBCBB93,
				9FE3225075F92A33F8789E48,
			);
			defaultConfigurationIsVisible = 0;
			defaultConfigurationName = Debug;
		};
		E827ABDE277A3830E69F5D61 = {
			isa = PBXResourcesBuildPhase;
			buildActionMask = 2147483647;
			files = (
				27633C28F0E308AA9FAD5F07,
			);
			runOnlyForDeploymentPostprocessing = 0;
		};
		D64A3C06D8AB75D1E0630917 = {
			isa = PBXSourcesBuildPhase;
			buildActionMask = 2147483647;
			files = (
				1E0FD89A66C29464116C7F04,
			);
			runOnlyForDeploymentPostprocessing = 0;
		};
		54BBD84944E327DC904C4AAD = {
			isa = PBXFrameworksBuildPhase;
			buildActionMask = 2147483647;
			files = (
				295372B9FB0DC1BA5F954DC8,
				F2C8B12E9BEB0C12A3382E07,
				51DD73DD3A74201DBB697C05,
				D8A20B17CFF12F56C67E4AAF,
				0BFA856AE34524952D40C8DE,
				666F2895B8DE8D2C74C76FF4,
				05CD3FC2BFA09AA17FD90D1D,
				3CD357DA5E6FDEC83A308045,
				1C4ABF92C07E97F8F99B1485,
				AF4C83716E3F3FE12209E7B0,
				2A453BCBA0BF48A567558DE3,
				6C301DE7D099C1A13B8D5541,
			);
			runOnlyForDeploymentPostprocessing = 0;
		};
		6602925548C4B0DD37F82E5C = {
			isa = PBXNativeTarget;
			buildConfigurationList = FD57F8438A9A409B34B5479A;
			buildPhases = (
				E827ABDE277A3830E69F5D61,
				D64A3C06D8AB75D1E0630917,
				54BBD84944E327DC904C4AAD,
			);
			buildRules = ( );
			dependencies = (
				10C4B0EF7580BE7EC3A64C91,
			);
			name = "OscTests - VST3";
			productName = OscTests;
			productReference = 73E5F59DD72B8F560B9A675E;
			productType = "com.apple.product-type.bundle";
		};
		1C2BCFF1000A225D6891AA16 = {
			isa = XCConfigurationList;
			buildConfigurations = (
				FCF8373C77F0E60C3C488D07,
				100C84C3AA1244FCD01E1D3E,
			);
			defaultConfigurationIsVisible = 0;
			defaultConfigurationName = Debug;
		};
		95760550BFF4544005FF23FA = {
			isa = PBXResourcesBuildPhase;
			buildActionMask = 2147483647;
			files = (
				27633C28F0E308AA9FAD5F07,
			);
			runOnlyForDeploymentPostprocessing = 0;
		};
		3958B862DB7371E954C322EB = {
			isa = PBXRezBuildPhase;
			buildActionMask = 2147483647;
			files = (
				00A0E1A3898E6D522A19A5EF,
			);
			runOnlyForDeploymentPostprocessing = 0;
		};
		8DD70C70A9E0EAF7EA624783 = {
			isa = PBXSourcesBuildPhase;
			buildActionMask = 2147483647;
			files = (
				859141417FFB3091AF7F50FF,
				7CCE909445128D9CEA7B0D62,
			);
			runOnlyForDeploymentPostprocessing = 0;
		};
		4C425C83F89A5BCD206F442B = {
			isa = PBXFrameworksBuildPhase;
			buildActionMask = 2147483647;
			files = (
				A28C7938D6D45D05782C8677,
				295372B9FB0DC1BA5F954DC8,
				F2C8B12E9BEB0C12A3382E07,
				51DD73DD3A74201DBB697C05,
				D8A20B17CFF12F56C67E4AAF,
				0BFA856AE34524952D40C8DE,
				666F2895B8DE8D2C74C76FF4,
				05CD3FC2BFA09AA17FD90D1D,
				3CD357DA5E6FDEC83A308045,
				1C4ABF92C07E97F8F99B1485,
				AF4C83716E3F3FE12209E7B0,
				2A453BCBA0BF48A567558DE3,
				6C301DE7D099C1A13B8D5541,
			);
			runOnlyForDeploymentPostprocessing = 0;
		};
		4F47B7C68ED59AC902AC33E6 = {
			isa = PBXNativeTarget;
			buildConfigurationList = 1C2BCFF1000A225D6891AA16;
			buildPhases = (
				95760550BFF4544005FF23FA,
				3958B862DB7371E954C322EB,
				8DD70C70A9E0EAF7EA624783,
				4C425C83F89A5BCD206F442B,
			);
			buildRules = ( );
			dependencies = (
				65CC9DB1EA155E548C89E3B4,
			);
			name = "OscTests - AU";
			productName = OscTests;
			productReference = 4902D146C5FDAAE52DCDC930;
			productType = "com.apple.product-type.bundle";
		};
		4517962E747DF31CE203B9CD = {
			isa = XCConfigurationList;
			buildConfigurations = (
				9F2EABD84C9C530EFAF2331D,
				8FD0D7598991E9224FA4230B,
			);
			defaultConfigurationIsVisible = 0;
			defaultConfigurationName = Debug;
		};
		0E01955B3C0A03AAB447BD61 = {
			isa = PBXResourcesBuildPhase;
			buildActionMask = 2147483647;
			files = (
				27633C28F0E308AA9FAD5F07,
			);
			runOnlyForDeploymentPostprocessing = 0;
		};
		22ED92DD8B2F3B90C0A5A563 = {
			isa = PBXSourcesBuildPhase;
			buildActionMask = 2147483647;
			files = (
				3BB4A7707E03C5E06718BBA0,
			);
			runOnlyForDeploymentPostprocessing = 0;
		};
		0C9121B303C9285506B7ED87 = {
			isa = PBXFrameworksBuildPhase;
			buildActionMask = 2147483647;
			files = (
				295372B9FB0DC1BA5F954DC8,
				F2C8B12E9BEB0C12A3382E07,
				51DD73DD3A74201DBB697C05,
				D8A20B17CFF12F56C67E4AAF,
				0BFA856AE34524952D40C8DE,
				666F2895B8DE8D2C74C76FF4,
				05CD3FC2BFA09AA17FD90D1D,
				3CD357DA5E6FDEC83A308045,
				1C4ABF92C07E97F8F99B1485,
				AF4C83716E3F3FE12209E7B0,
				2A453BCBA0BF48A567558DE3,
				6C301DE7D099C1A13B8D5541,
			);
			runOnlyForDeploymentPostprocessing = 0;
		};
		BE77AFC0A5AF8D6C3B54F5BE = {
			isa = PBXNativeTarget;
			buildConfigurationList = 4517962E747DF31CE203B9CD;
			buildPhases = (
				0E01955B3C0A03AAB447BD61,
				22ED92DD8B2F3B90C0A5A563,
				0C9121B303C9285506B7ED87,
			);
			buildRules = ( );
			dependencies = (
				1C85649563D7CD8E6CFC4D0E,
			);
			name = "OscTests - Standalone Plugin";
			productName = OscTests;
			productReference = 13EADDA20217F50E7281686F;
			productType = "com.apple.product-type.application";
		};
		5F1DC5EB4927924C8E31ACB0 = {
			isa = XCConfigurationList;
			buildConfigurations = (
				6F86C7ABACBD07AD4FA173FD,
				42719E520E3B7404E69B0783,
			);
			defaultConfigurationIsVisible = 0;
			defaultConfigurationName = Debug;
		};
		91B840238A0FABA58A44267C = {
			isa = PBXSourcesBuildPhase;
			buildActionMask = 2147483647;
			files = (
				307D38A5C6DB309083F93633,
				BE7D2E32AB159DA6BA6EA0E2,
				35A36D6FD5FF3581DCD2543E,
				CE85DA07E8AADA87C2F6A0C0,
				16876B4D93496A37BE2B61B2,
				E421721F2D4E5C05641E4E2E,
				955E6D1CA41974C12E9B22FB,
				8A30D1AE639DA40D17905FE0,
				6B486ABB5A71B853B315F7D3,
				D0F1A00DD1E728601976D893,
				03ED12590B27C71A6E8FB61A,
				26DB2DEB15D235EE22A6FEDD,
				07C2B4B754978304A3BCF792,
				4F13C046DF6ABFB78BFBBCC4,
				79DE176C65C1692C3C81C7E4,
				01EA968E358EDA9C47A0165C,
			);
			runOnlyForDeploymentPostprocessing = 0;
		};
		892F1102E9FFB242D59AABC6 = {
			isa = PBXNativeTarget;
			buildConfigurationList = 5F1DC5EB4927924C8E31ACB0;
			buildPhases = (
				91B840238A0FABA58A44267C,
			);
			buildRules = ( );
			dependencies = ( );
			name = "OscTests - Shared Code";
			productName = OscTests;
			productReference = 002C94405EB955C3CFE62AD3;
			productType = "com.apple.product-type.library.static";
		};
		8A2187945E12C098EF617077 = {
			isa = PBXProject;
			buildConfigurationList = 36CA237EE065DC174CFFB7A4;
			attributes = { LastUpgradeCheck = 1230; ORGANIZATIONNAME = ""; TargetAttributes = { 656248363A4CE73E91207A00 = { SystemCapabilities = {com.apple.ApplicationGroups.iOS = { enabled = 0; }; com.apple.InAppPurchase = { enabled = 0; }; com.apple.InterAppAudio = { enabled = 0; }; com.apple.Push = { enabled = 0; }; com.apple.Sandbox = { enabled = 0; }; com.apple.HardenedRuntime = { enabled = 0; }; }; };6602925548C4B0DD37F82E5C = { SystemCapabilities = {com.apple.ApplicationGroups.iOS = { enabled = 0; }; com.apple.InAppPurchase = { enabled = 0; }; com.apple.InterAppAudio = { enabled = 0; }; com.apple.Push = { enabled = 0; }; com.apple.Sandbox = { enabled = 0; }; com.apple.HardenedRuntime = { enabled = 0; }; }; };4F47B7C68ED59AC902AC33E6 = { SystemCapabilities = {com.apple.ApplicationGroups.iOS = { enabled = 0; }; com.apple.InAppPurchase = { enabled = 0; }; com.apple.InterAppAudio = { enabled = 0; }; com.apple.Push = { enabled = 0; }; com.apple.Sandbox = { enabled = 0; }; com.apple.HardenedRuntime = { enabled = 0; }; }; };BE77AFC0A5AF8D6C3B54F5BE = { SystemCapabilities = {com.apple.ApplicationGroups.iOS = { enabled = 0; }; com.apple.InAppPurchase = { enabled = 0; }; com.apple.InterAppAudio = { enabled = 0; }; com.apple.Push = { enabled = 0; }; com.apple.Sandbox = { enabled = 0; }; com.apple.HardenedRuntime = { enabled = 0; }; }; };892F1102E9FFB242D59AABC6 = { SystemCapabilities = {com.apple.ApplicationGroups.iOS = { enabled = 0; }; com.apple.InAppPurchase = { enabled = 0; }; com.apple.InterAppAudio = { enabled = 0; }; com.apple.Push = { enabled = 0; }; com.apple.Sandbox = { enabled = 0; }; com.apple.HardenedRuntime = { enabled = 0; }; }; }; }; };
			compatibilityVersion = "Xcode 3.2";
			hasScannedForEncodings = 0;
			mainGroup = 6FD9F10E98793F956585A8ED;
			projectDirPath = "";
			projectRoot = "";
			targets = (656248363A4CE73E91207A00, 6602925548C4B0DD37F82E5C, 4F47B7C68ED59AC902AC33E6, BE77AFC0A5AF8D6C3B54F5BE, 892F1102E9FFB242D59AABC6);
			knownRegions = (en, Base);
		};
	};
	rootObject = 8A2187945E12C098EF617077;
}
